// !$*UTF8*$!
{
	archiveVersion = 1;
	classes = {
	};
	objectVersion = 51;
	objects = {

/* Begin PBXBuildFile section */
		44F3022D1E1017CA02246C91 /* Pods_iSecureOSTests.framework in Frameworks */ = {isa = PBXBuildFile; fileRef = FB546C208BFE651AF01BC52F /* Pods_iSecureOSTests.framework */; };
		94EF7F1E94D1E4B041A91F62 /* Pods_iSecureOS_iSecureOSUITests.framework in Frameworks */ = {isa = PBXBuildFile; fileRef = 8EA87164F6978C5993400194 /* Pods_iSecureOS_iSecureOSUITests.framework */; };
		D62E05CE26065D4A00C5CDB8 /* iSecureOS-Networking.m in Sources */ = {isa = PBXBuildFile; fileRef = D62E05CD26065D4A00C5CDB8 /* iSecureOS-Networking.m */; };
		D62E05E826067DFB00C5CDB8 /* CoreAudio.framework in Frameworks */ = {isa = PBXBuildFile; fileRef = D62E05E726067DFB00C5CDB8 /* CoreAudio.framework */; };
		D62E05F1260688F000C5CDB8 /* iSecureOS-Signatures.m in Sources */ = {isa = PBXBuildFile; fileRef = D62E05F0260688F000C5CDB8 /* iSecureOS-Signatures.m */; };
		D65BF71D25F7B982003242F5 /* AppDelegate.m in Sources */ = {isa = PBXBuildFile; fileRef = D65BF71C25F7B982003242F5 /* AppDelegate.m */; };
		D65BF72025F7B982003242F5 /* SceneDelegate.m in Sources */ = {isa = PBXBuildFile; fileRef = D65BF71F25F7B982003242F5 /* SceneDelegate.m */; };
		D65BF72325F7B982003242F5 /* ViewController.m in Sources */ = {isa = PBXBuildFile; fileRef = D65BF72225F7B982003242F5 /* ViewController.m */; };
		D65BF72625F7B982003242F5 /* Main.storyboard in Resources */ = {isa = PBXBuildFile; fileRef = D65BF72425F7B982003242F5 /* Main.storyboard */; };
		D65BF72825F7B983003242F5 /* Assets.xcassets in Resources */ = {isa = PBXBuildFile; fileRef = D65BF72725F7B983003242F5 /* Assets.xcassets */; };
		D65BF72B25F7B983003242F5 /* LaunchScreen.storyboard in Resources */ = {isa = PBXBuildFile; fileRef = D65BF72925F7B983003242F5 /* LaunchScreen.storyboard */; };
		D65BF72E25F7B983003242F5 /* main.m in Sources */ = {isa = PBXBuildFile; fileRef = D65BF72D25F7B983003242F5 /* main.m */; };
		D65BF73825F7B983003242F5 /* securOSTests.m in Sources */ = {isa = PBXBuildFile; fileRef = D65BF73725F7B983003242F5 /* securOSTests.m */; };
		D65BF74325F7B984003242F5 /* securOSUITests.m in Sources */ = {isa = PBXBuildFile; fileRef = D65BF74225F7B984003242F5 /* securOSUITests.m */; };
		D67095B72607C7D900FC6851 /* iSecureOS-ThreatScreen.m in Sources */ = {isa = PBXBuildFile; fileRef = D67095B62607C7D900FC6851 /* iSecureOS-ThreatScreen.m */; };
		D67095BC2607C94600FC6851 /* threat-detection.mp3 in Resources */ = {isa = PBXBuildFile; fileRef = D67095BB2607C94600FC6851 /* threat-detection.mp3 */; };
		D67095CE2607EAC000FC6851 /* iSecureOS-ROOT.m in Sources */ = {isa = PBXBuildFile; fileRef = D67095CD2607EAC000FC6851 /* iSecureOS-ROOT.m */; };
		D67096172608435400FC6851 /* iSecureOS-AppInfo.m in Sources */ = {isa = PBXBuildFile; fileRef = D67096162608435400FC6851 /* iSecureOS-AppInfo.m */; };
		D678EB8E25FC48D300464879 /* iSecureOS-Tampering.m in Sources */ = {isa = PBXBuildFile; fileRef = D678EB8D25FC48D300464879 /* iSecureOS-Tampering.m */; };
		D69AD1C7260875CC00FD3840 /* repo-signatures in Resources */ = {isa = PBXBuildFile; fileRef = D69AD1C6260875CC00FD3840 /* repo-signatures */; };
		D69AD1CC2608762B00FD3840 /* iSecureOS-Defaulting.h in Sources */ = {isa = PBXBuildFile; fileRef = D69AD1CB2608762B00FD3840 /* iSecureOS-Defaulting.h */; };
		D6AE881C25F7E55A0088F23B /* iSecureOS-Core.m in Sources */ = {isa = PBXBuildFile; fileRef = D6AE881B25F7E55A0088F23B /* iSecureOS-Core.m */; };
		D6B5008426058C010073E833 /* iSecureOS-Security.m in Sources */ = {isa = PBXBuildFile; fileRef = D6B5008326058C010073E833 /* iSecureOS-Security.m */; };
		D6ED8A08260B449F00A44851 /* iSecureOS-Anti-Malware.m in Sources */ = {isa = PBXBuildFile; fileRef = D6ED8A07260B449F00A44851 /* iSecureOS-Anti-Malware.m */; };
		D6ED8A1F260BE73100A44851 /* iSecureOS-Common.m in Sources */ = {isa = PBXBuildFile; fileRef = D6ED8A1E260BE73100A44851 /* iSecureOS-Common.m */; };
		EC80529CF319DE7A227E7308 /* Pods_iSecureOS.framework in Frameworks */ = {isa = PBXBuildFile; fileRef = B82615EBEB2639462657CA75 /* Pods_iSecureOS.framework */; };
/* End PBXBuildFile section */

/* Begin PBXContainerItemProxy section */
		D65BF73425F7B983003242F5 /* PBXContainerItemProxy */ = {
			isa = PBXContainerItemProxy;
			containerPortal = D65BF71025F7B982003242F5 /* Project object */;
			proxyType = 1;
			remoteGlobalIDString = D65BF71725F7B982003242F5;
			remoteInfo = securOS;
		};
		D65BF73F25F7B984003242F5 /* PBXContainerItemProxy */ = {
			isa = PBXContainerItemProxy;
			containerPortal = D65BF71025F7B982003242F5 /* Project object */;
			proxyType = 1;
			remoteGlobalIDString = D65BF71725F7B982003242F5;
			remoteInfo = securOS;
		};
/* End PBXContainerItemProxy section */

/* Begin PBXFileReference section */
		03305B55FFD59981C662C3AC /* Pods-iSecureOSTests.release.xcconfig */ = {isa = PBXFileReference; includeInIndex = 1; lastKnownFileType = text.xcconfig; name = "Pods-iSecureOSTests.release.xcconfig"; path = "Target Support Files/Pods-iSecureOSTests/Pods-iSecureOSTests.release.xcconfig"; sourceTree = "<group>"; };
		498034BAE858AFBFBA07DEA7 /* Pods-iSecureOS.debug.xcconfig */ = {isa = PBXFileReference; includeInIndex = 1; lastKnownFileType = text.xcconfig; name = "Pods-iSecureOS.debug.xcconfig"; path = "Target Support Files/Pods-iSecureOS/Pods-iSecureOS.debug.xcconfig"; sourceTree = "<group>"; };
		85F17A096906C8FDA2D40ADA /* Pods-iSecureOS.release.xcconfig */ = {isa = PBXFileReference; includeInIndex = 1; lastKnownFileType = text.xcconfig; name = "Pods-iSecureOS.release.xcconfig"; path = "Target Support Files/Pods-iSecureOS/Pods-iSecureOS.release.xcconfig"; sourceTree = "<group>"; };
		8E9B33B5994082424D8E7487 /* Pods-iSecureOS-iSecureOSUITests.debug.xcconfig */ = {isa = PBXFileReference; includeInIndex = 1; lastKnownFileType = text.xcconfig; name = "Pods-iSecureOS-iSecureOSUITests.debug.xcconfig"; path = "Target Support Files/Pods-iSecureOS-iSecureOSUITests/Pods-iSecureOS-iSecureOSUITests.debug.xcconfig"; sourceTree = "<group>"; };
		8EA87164F6978C5993400194 /* Pods_iSecureOS_iSecureOSUITests.framework */ = {isa = PBXFileReference; explicitFileType = wrapper.framework; includeInIndex = 0; path = Pods_iSecureOS_iSecureOSUITests.framework; sourceTree = BUILT_PRODUCTS_DIR; };
		B82615EBEB2639462657CA75 /* Pods_iSecureOS.framework */ = {isa = PBXFileReference; explicitFileType = wrapper.framework; includeInIndex = 0; path = Pods_iSecureOS.framework; sourceTree = BUILT_PRODUCTS_DIR; };
		C766859C8978393D255D550B /* Pods-iSecureOSTests.debug.xcconfig */ = {isa = PBXFileReference; includeInIndex = 1; lastKnownFileType = text.xcconfig; name = "Pods-iSecureOSTests.debug.xcconfig"; path = "Target Support Files/Pods-iSecureOSTests/Pods-iSecureOSTests.debug.xcconfig"; sourceTree = "<group>"; };
		D62E05CD26065D4A00C5CDB8 /* iSecureOS-Networking.m */ = {isa = PBXFileReference; lastKnownFileType = sourcecode.c.objc; path = "iSecureOS-Networking.m"; sourceTree = "<group>"; };
		D62E05D6260660BA00C5CDB8 /* CoreLocation.framework */ = {isa = PBXFileReference; lastKnownFileType = wrapper.framework; name = CoreLocation.framework; path = System/Library/Frameworks/CoreLocation.framework; sourceTree = SDKROOT; };
		D62E05DB260661F700C5CDB8 /* iSecureOS-Networking.h */ = {isa = PBXFileReference; lastKnownFileType = sourcecode.c.h; path = "iSecureOS-Networking.h"; sourceTree = "<group>"; };
		D62E05E726067DFB00C5CDB8 /* CoreAudio.framework */ = {isa = PBXFileReference; lastKnownFileType = wrapper.framework; name = CoreAudio.framework; path = System/Library/Frameworks/CoreAudio.framework; sourceTree = SDKROOT; };
		D62E05F0260688F000C5CDB8 /* iSecureOS-Signatures.m */ = {isa = PBXFileReference; lastKnownFileType = sourcecode.c.objc; path = "iSecureOS-Signatures.m"; sourceTree = "<group>"; };
		D62E05F5260689A300C5CDB8 /* iSecureOS-Signatures.h */ = {isa = PBXFileReference; lastKnownFileType = sourcecode.c.h; path = "iSecureOS-Signatures.h"; sourceTree = "<group>"; };
		D65BF71825F7B982003242F5 /* iSecureOS.app */ = {isa = PBXFileReference; explicitFileType = wrapper.application; includeInIndex = 0; path = iSecureOS.app; sourceTree = BUILT_PRODUCTS_DIR; };
		D65BF71B25F7B982003242F5 /* AppDelegate.h */ = {isa = PBXFileReference; lastKnownFileType = sourcecode.c.h; path = AppDelegate.h; sourceTree = "<group>"; };
		D65BF71C25F7B982003242F5 /* AppDelegate.m */ = {isa = PBXFileReference; lastKnownFileType = sourcecode.c.objc; path = AppDelegate.m; sourceTree = "<group>"; };
		D65BF71E25F7B982003242F5 /* SceneDelegate.h */ = {isa = PBXFileReference; lastKnownFileType = sourcecode.c.h; path = SceneDelegate.h; sourceTree = "<group>"; };
		D65BF71F25F7B982003242F5 /* SceneDelegate.m */ = {isa = PBXFileReference; lastKnownFileType = sourcecode.c.objc; path = SceneDelegate.m; sourceTree = "<group>"; };
		D65BF72125F7B982003242F5 /* ViewController.h */ = {isa = PBXFileReference; lastKnownFileType = sourcecode.c.h; path = ViewController.h; sourceTree = "<group>"; };
		D65BF72225F7B982003242F5 /* ViewController.m */ = {isa = PBXFileReference; lastKnownFileType = sourcecode.c.objc; path = ViewController.m; sourceTree = "<group>"; };
		D65BF72525F7B982003242F5 /* Base */ = {isa = PBXFileReference; lastKnownFileType = file.storyboard; name = Base; path = Base.lproj/Main.storyboard; sourceTree = "<group>"; };
		D65BF72725F7B983003242F5 /* Assets.xcassets */ = {isa = PBXFileReference; lastKnownFileType = folder.assetcatalog; path = Assets.xcassets; sourceTree = "<group>"; };
		D65BF72A25F7B983003242F5 /* Base */ = {isa = PBXFileReference; lastKnownFileType = file.storyboard; name = Base; path = Base.lproj/LaunchScreen.storyboard; sourceTree = "<group>"; };
		D65BF72C25F7B983003242F5 /* Info.plist */ = {isa = PBXFileReference; lastKnownFileType = text.plist.xml; path = Info.plist; sourceTree = "<group>"; };
		D65BF72D25F7B983003242F5 /* main.m */ = {isa = PBXFileReference; lastKnownFileType = sourcecode.c.objc; path = main.m; sourceTree = "<group>"; };
		D65BF73325F7B983003242F5 /* iSecureOSTests.xctest */ = {isa = PBXFileReference; explicitFileType = wrapper.cfbundle; includeInIndex = 0; path = iSecureOSTests.xctest; sourceTree = BUILT_PRODUCTS_DIR; };
		D65BF73725F7B983003242F5 /* securOSTests.m */ = {isa = PBXFileReference; lastKnownFileType = sourcecode.c.objc; path = securOSTests.m; sourceTree = "<group>"; };
		D65BF73925F7B983003242F5 /* Info.plist */ = {isa = PBXFileReference; lastKnownFileType = text.plist.xml; path = Info.plist; sourceTree = "<group>"; };
		D65BF73E25F7B984003242F5 /* iSecureOSUITests.xctest */ = {isa = PBXFileReference; explicitFileType = wrapper.cfbundle; includeInIndex = 0; path = iSecureOSUITests.xctest; sourceTree = BUILT_PRODUCTS_DIR; };
		D65BF74225F7B984003242F5 /* securOSUITests.m */ = {isa = PBXFileReference; lastKnownFileType = sourcecode.c.objc; path = securOSUITests.m; sourceTree = "<group>"; };
		D65BF74425F7B984003242F5 /* Info.plist */ = {isa = PBXFileReference; lastKnownFileType = text.plist.xml; path = Info.plist; sourceTree = "<group>"; };
		D67095B52607C7D900FC6851 /* iSecureOS-ThreatScreen.h */ = {isa = PBXFileReference; lastKnownFileType = sourcecode.c.h; path = "iSecureOS-ThreatScreen.h"; sourceTree = "<group>"; };
		D67095B62607C7D900FC6851 /* iSecureOS-ThreatScreen.m */ = {isa = PBXFileReference; lastKnownFileType = sourcecode.c.objc; path = "iSecureOS-ThreatScreen.m"; sourceTree = "<group>"; };
		D67095BB2607C94600FC6851 /* threat-detection.mp3 */ = {isa = PBXFileReference; lastKnownFileType = audio.mp3; path = "threat-detection.mp3"; sourceTree = "<group>"; };
		D67095CC2607EAC000FC6851 /* iSecureOS-ROOT.h */ = {isa = PBXFileReference; lastKnownFileType = sourcecode.c.h; path = "iSecureOS-ROOT.h"; sourceTree = "<group>"; };
		D67095CD2607EAC000FC6851 /* iSecureOS-ROOT.m */ = {isa = PBXFileReference; lastKnownFileType = sourcecode.c.objc; path = "iSecureOS-ROOT.m"; sourceTree = "<group>"; };
		D67095D22607EC6700FC6851 /* SystemReboot.h */ = {isa = PBXFileReference; lastKnownFileType = sourcecode.c.h; path = SystemReboot.h; sourceTree = "<group>"; };
		D67096152608435400FC6851 /* iSecureOS-AppInfo.h */ = {isa = PBXFileReference; lastKnownFileType = sourcecode.c.h; path = "iSecureOS-AppInfo.h"; sourceTree = "<group>"; };
		D67096162608435400FC6851 /* iSecureOS-AppInfo.m */ = {isa = PBXFileReference; lastKnownFileType = sourcecode.c.objc; path = "iSecureOS-AppInfo.m"; sourceTree = "<group>"; };
		D678EB8D25FC48D300464879 /* iSecureOS-Tampering.m */ = {isa = PBXFileReference; lastKnownFileType = sourcecode.c.objc; path = "iSecureOS-Tampering.m"; sourceTree = "<group>"; };
		D678EB9225FC48E700464879 /* iSecureOS-Tampering.h */ = {isa = PBXFileReference; lastKnownFileType = sourcecode.c.h; path = "iSecureOS-Tampering.h"; sourceTree = "<group>"; };
		D69AD1C6260875CC00FD3840 /* repo-signatures */ = {isa = PBXFileReference; fileEncoding = 4; lastKnownFileType = text; path = "repo-signatures"; sourceTree = "<group>"; };
		D69AD1CB2608762B00FD3840 /* iSecureOS-Defaulting.h */ = {isa = PBXFileReference; lastKnownFileType = sourcecode.c.h; path = "iSecureOS-Defaulting.h"; sourceTree = "<group>"; };
		D6AE881A25F7E55A0088F23B /* iSecureOS-Core.h */ = {isa = PBXFileReference; lastKnownFileType = sourcecode.c.h; path = "iSecureOS-Core.h"; sourceTree = "<group>"; };
		D6AE881B25F7E55A0088F23B /* iSecureOS-Core.m */ = {isa = PBXFileReference; lastKnownFileType = sourcecode.c.objc; path = "iSecureOS-Core.m"; sourceTree = "<group>"; };
		D6B5008326058C010073E833 /* iSecureOS-Security.m */ = {isa = PBXFileReference; lastKnownFileType = sourcecode.c.objc; path = "iSecureOS-Security.m"; sourceTree = "<group>"; };
		D6B5008826058D4C0073E833 /* iSecureOS-Security.h */ = {isa = PBXFileReference; lastKnownFileType = sourcecode.c.h; path = "iSecureOS-Security.h"; sourceTree = "<group>"; };
		D6ED8A06260B449F00A44851 /* iSecureOS-Anti-Malware.h */ = {isa = PBXFileReference; lastKnownFileType = sourcecode.c.h; path = "iSecureOS-Anti-Malware.h"; sourceTree = "<group>"; };
		D6ED8A07260B449F00A44851 /* iSecureOS-Anti-Malware.m */ = {isa = PBXFileReference; lastKnownFileType = sourcecode.c.objc; path = "iSecureOS-Anti-Malware.m"; sourceTree = "<group>"; };
		D6ED8A1D260BE73100A44851 /* iSecureOS-Common.h */ = {isa = PBXFileReference; lastKnownFileType = sourcecode.c.h; path = "iSecureOS-Common.h"; sourceTree = "<group>"; };
		D6ED8A1E260BE73100A44851 /* iSecureOS-Common.m */ = {isa = PBXFileReference; lastKnownFileType = sourcecode.c.objc; path = "iSecureOS-Common.m"; sourceTree = "<group>"; };
		E1031D6BEE8DA5179A0D7BFC /* Pods-iSecureOS-iSecureOSUITests.release.xcconfig */ = {isa = PBXFileReference; includeInIndex = 1; lastKnownFileType = text.xcconfig; name = "Pods-iSecureOS-iSecureOSUITests.release.xcconfig"; path = "Target Support Files/Pods-iSecureOS-iSecureOSUITests/Pods-iSecureOS-iSecureOSUITests.release.xcconfig"; sourceTree = "<group>"; };
		FB546C208BFE651AF01BC52F /* Pods_iSecureOSTests.framework */ = {isa = PBXFileReference; explicitFileType = wrapper.framework; includeInIndex = 0; path = Pods_iSecureOSTests.framework; sourceTree = BUILT_PRODUCTS_DIR; };
/* End PBXFileReference section */

/* Begin PBXFrameworksBuildPhase section */
		D65BF71525F7B982003242F5 /* Frameworks */ = {
			isa = PBXFrameworksBuildPhase;
			buildActionMask = 2147483647;
			files = (
				D62E05E826067DFB00C5CDB8 /* CoreAudio.framework in Frameworks */,
				EC80529CF319DE7A227E7308 /* Pods_iSecureOS.framework in Frameworks */,
			);
			runOnlyForDeploymentPostprocessing = 0;
		};
		D65BF73025F7B983003242F5 /* Frameworks */ = {
			isa = PBXFrameworksBuildPhase;
			buildActionMask = 2147483647;
			files = (
				44F3022D1E1017CA02246C91 /* Pods_iSecureOSTests.framework in Frameworks */,
			);
			runOnlyForDeploymentPostprocessing = 0;
		};
		D65BF73B25F7B983003242F5 /* Frameworks */ = {
			isa = PBXFrameworksBuildPhase;
			buildActionMask = 2147483647;
			files = (
				94EF7F1E94D1E4B041A91F62 /* Pods_iSecureOS_iSecureOSUITests.framework in Frameworks */,
			);
			runOnlyForDeploymentPostprocessing = 0;
		};
/* End PBXFrameworksBuildPhase section */

/* Begin PBXGroup section */
		477B40F946B697A0DA5E5AC9 /* Pods */ = {
			isa = PBXGroup;
			children = (
				498034BAE858AFBFBA07DEA7 /* Pods-iSecureOS.debug.xcconfig */,
				85F17A096906C8FDA2D40ADA /* Pods-iSecureOS.release.xcconfig */,
				8E9B33B5994082424D8E7487 /* Pods-iSecureOS-iSecureOSUITests.debug.xcconfig */,
				E1031D6BEE8DA5179A0D7BFC /* Pods-iSecureOS-iSecureOSUITests.release.xcconfig */,
				C766859C8978393D255D550B /* Pods-iSecureOSTests.debug.xcconfig */,
				03305B55FFD59981C662C3AC /* Pods-iSecureOSTests.release.xcconfig */,
			);
			path = Pods;
			sourceTree = "<group>";
		};
		D62E05D5260660BA00C5CDB8 /* Frameworks */ = {
			isa = PBXGroup;
			children = (
				D62E05E726067DFB00C5CDB8 /* CoreAudio.framework */,
				D62E05D6260660BA00C5CDB8 /* CoreLocation.framework */,
				B82615EBEB2639462657CA75 /* Pods_iSecureOS.framework */,
				8EA87164F6978C5993400194 /* Pods_iSecureOS_iSecureOSUITests.framework */,
				FB546C208BFE651AF01BC52F /* Pods_iSecureOSTests.framework */,
			);
			name = Frameworks;
			sourceTree = "<group>";
		};
		D65BF70F25F7B982003242F5 = {
			isa = PBXGroup;
			children = (
				D65BF71A25F7B982003242F5 /* securOS */,
				D65BF73625F7B983003242F5 /* securOSTests */,
				D65BF74125F7B984003242F5 /* securOSUITests */,
				D65BF71925F7B982003242F5 /* Products */,
				D62E05D5260660BA00C5CDB8 /* Frameworks */,
				477B40F946B697A0DA5E5AC9 /* Pods */,
			);
			sourceTree = "<group>";
		};
		D65BF71925F7B982003242F5 /* Products */ = {
			isa = PBXGroup;
			children = (
				D65BF71825F7B982003242F5 /* iSecureOS.app */,
				D65BF73325F7B983003242F5 /* iSecureOSTests.xctest */,
				D65BF73E25F7B984003242F5 /* iSecureOSUITests.xctest */,
			);
			name = Products;
			sourceTree = "<group>";
		};
		D65BF71A25F7B982003242F5 /* securOS */ = {
			isa = PBXGroup;
			children = (
				D65BF75625F7BAFB003242F5 /* securOS */,
				D65BF71B25F7B982003242F5 /* AppDelegate.h */,
				D65BF71C25F7B982003242F5 /* AppDelegate.m */,
				D65BF71E25F7B982003242F5 /* SceneDelegate.h */,
				D65BF71F25F7B982003242F5 /* SceneDelegate.m */,
				D67095D22607EC6700FC6851 /* SystemReboot.h */,
				D65BF72125F7B982003242F5 /* ViewController.h */,
				D65BF72225F7B982003242F5 /* ViewController.m */,
				D6ED8A1D260BE73100A44851 /* iSecureOS-Common.h */,
				D6ED8A1E260BE73100A44851 /* iSecureOS-Common.m */,
				D67095CC2607EAC000FC6851 /* iSecureOS-ROOT.h */,
				D67095CD2607EAC000FC6851 /* iSecureOS-ROOT.m */,
				D6AE881A25F7E55A0088F23B /* iSecureOS-Core.h */,
				D6AE881B25F7E55A0088F23B /* iSecureOS-Core.m */,
				D69AD1CB2608762B00FD3840 /* iSecureOS-Defaulting.h */,
				D67096152608435400FC6851 /* iSecureOS-AppInfo.h */,
				D67096162608435400FC6851 /* iSecureOS-AppInfo.m */,
				D62E05F0260688F000C5CDB8 /* iSecureOS-Signatures.m */,
				D62E05F5260689A300C5CDB8 /* iSecureOS-Signatures.h */,
				D6ED8A06260B449F00A44851 /* iSecureOS-Anti-Malware.h */,
				D6ED8A07260B449F00A44851 /* iSecureOS-Anti-Malware.m */,
				D62E05CD26065D4A00C5CDB8 /* iSecureOS-Networking.m */,
				D62E05DB260661F700C5CDB8 /* iSecureOS-Networking.h */,
				D6B5008326058C010073E833 /* iSecureOS-Security.m */,
				D6B5008826058D4C0073E833 /* iSecureOS-Security.h */,
				D678EB8D25FC48D300464879 /* iSecureOS-Tampering.m */,
				D678EB9225FC48E700464879 /* iSecureOS-Tampering.h */,
				D67095B62607C7D900FC6851 /* iSecureOS-ThreatScreen.m */,
				D67095B52607C7D900FC6851 /* iSecureOS-ThreatScreen.h */,
				D65BF72725F7B983003242F5 /* Assets.xcassets */,
				D65BF72425F7B982003242F5 /* Main.storyboard */,
				D65BF72925F7B983003242F5 /* LaunchScreen.storyboard */,
				D65BF72C25F7B983003242F5 /* Info.plist */,
				D65BF72D25F7B983003242F5 /* main.m */,
				D69AD1C6260875CC00FD3840 /* repo-signatures */,
				D67095BB2607C94600FC6851 /* threat-detection.mp3 */,
			);
			path = securOS;
			sourceTree = "<group>";
		};
		D65BF73625F7B983003242F5 /* securOSTests */ = {
			isa = PBXGroup;
			children = (
				D65BF73725F7B983003242F5 /* securOSTests.m */,
				D65BF73925F7B983003242F5 /* Info.plist */,
			);
			path = securOSTests;
			sourceTree = "<group>";
		};
		D65BF74125F7B984003242F5 /* securOSUITests */ = {
			isa = PBXGroup;
			children = (
				D65BF74225F7B984003242F5 /* securOSUITests.m */,
				D65BF74425F7B984003242F5 /* Info.plist */,
			);
			path = securOSUITests;
			sourceTree = "<group>";
		};
		D65BF75625F7BAFB003242F5 /* securOS */ = {
			isa = PBXGroup;
			children = (
			);
			path = securOS;
			sourceTree = "<group>";
		};
/* End PBXGroup section */

/* Begin PBXNativeTarget section */
		D65BF71725F7B982003242F5 /* iSecureOS */ = {
			isa = PBXNativeTarget;
			buildConfigurationList = D65BF74725F7B984003242F5 /* Build configuration list for PBXNativeTarget "iSecureOS" */;
			buildPhases = (
				4049566F8D046AF795676396 /* [CP] Check Pods Manifest.lock */,
				D65BF71425F7B982003242F5 /* Sources */,
				D65BF71525F7B982003242F5 /* Frameworks */,
				D65BF71625F7B982003242F5 /* Resources */,
				F614F6AAD83B8B8060DD2B32 /* [CP] Embed Pods Frameworks */,
			);
			buildRules = (
			);
			dependencies = (
			);
			name = iSecureOS;
			productName = securOS;
			productReference = D65BF71825F7B982003242F5 /* iSecureOS.app */;
			productType = "com.apple.product-type.application";
		};
		D65BF73225F7B983003242F5 /* iSecureOSTests */ = {
			isa = PBXNativeTarget;
			buildConfigurationList = D65BF74A25F7B984003242F5 /* Build configuration list for PBXNativeTarget "iSecureOSTests" */;
			buildPhases = (
				FAA3CD59FC6BC5ED405DCA89 /* [CP] Check Pods Manifest.lock */,
				D65BF72F25F7B983003242F5 /* Sources */,
				D65BF73025F7B983003242F5 /* Frameworks */,
				D65BF73125F7B983003242F5 /* Resources */,
			);
			buildRules = (
			);
			dependencies = (
				D65BF73525F7B983003242F5 /* PBXTargetDependency */,
			);
			name = iSecureOSTests;
			productName = securOSTests;
			productReference = D65BF73325F7B983003242F5 /* iSecureOSTests.xctest */;
			productType = "com.apple.product-type.bundle.unit-test";
		};
		D65BF73D25F7B983003242F5 /* iSecureOSUITests */ = {
			isa = PBXNativeTarget;
			buildConfigurationList = D65BF74D25F7B984003242F5 /* Build configuration list for PBXNativeTarget "iSecureOSUITests" */;
			buildPhases = (
				78811D0C5371887F7A47A755 /* [CP] Check Pods Manifest.lock */,
				D65BF73A25F7B983003242F5 /* Sources */,
				D65BF73B25F7B983003242F5 /* Frameworks */,
				D65BF73C25F7B983003242F5 /* Resources */,
				F202268A5C7EDD18AE79FA23 /* [CP] Embed Pods Frameworks */,
			);
			buildRules = (
			);
			dependencies = (
				D65BF74025F7B984003242F5 /* PBXTargetDependency */,
			);
			name = iSecureOSUITests;
			productName = securOSUITests;
			productReference = D65BF73E25F7B984003242F5 /* iSecureOSUITests.xctest */;
			productType = "com.apple.product-type.bundle.ui-testing";
		};
/* End PBXNativeTarget section */

/* Begin PBXProject section */
		D65BF71025F7B982003242F5 /* Project object */ = {
			isa = PBXProject;
			attributes = {
				LastUpgradeCheck = 1240;
				TargetAttributes = {
					D65BF71725F7B982003242F5 = {
						CreatedOnToolsVersion = 12.4;
					};
					D65BF73225F7B983003242F5 = {
						CreatedOnToolsVersion = 12.4;
						TestTargetID = D65BF71725F7B982003242F5;
					};
					D65BF73D25F7B983003242F5 = {
						CreatedOnToolsVersion = 12.4;
						TestTargetID = D65BF71725F7B982003242F5;
					};
				};
			};
			buildConfigurationList = D65BF71325F7B982003242F5 /* Build configuration list for PBXProject "iSecureOS" */;
			compatibilityVersion = "Xcode 9.3";
			developmentRegion = en;
			hasScannedForEncodings = 0;
			knownRegions = (
				en,
				Base,
			);
			mainGroup = D65BF70F25F7B982003242F5;
			productRefGroup = D65BF71925F7B982003242F5 /* Products */;
			projectDirPath = "";
			projectRoot = "";
			targets = (
				D65BF71725F7B982003242F5 /* iSecureOS */,
				D65BF73225F7B983003242F5 /* iSecureOSTests */,
				D65BF73D25F7B983003242F5 /* iSecureOSUITests */,
			);
		};
/* End PBXProject section */

/* Begin PBXResourcesBuildPhase section */
		D65BF71625F7B982003242F5 /* Resources */ = {
			isa = PBXResourcesBuildPhase;
			buildActionMask = 2147483647;
			files = (
				D65BF72B25F7B983003242F5 /* LaunchScreen.storyboard in Resources */,
				D65BF72825F7B983003242F5 /* Assets.xcassets in Resources */,
				D67095BC2607C94600FC6851 /* threat-detection.mp3 in Resources */,
				D69AD1C7260875CC00FD3840 /* repo-signatures in Resources */,
				D65BF72625F7B982003242F5 /* Main.storyboard in Resources */,
			);
			runOnlyForDeploymentPostprocessing = 0;
		};
		D65BF73125F7B983003242F5 /* Resources */ = {
			isa = PBXResourcesBuildPhase;
			buildActionMask = 2147483647;
			files = (
			);
			runOnlyForDeploymentPostprocessing = 0;
		};
		D65BF73C25F7B983003242F5 /* Resources */ = {
			isa = PBXResourcesBuildPhase;
			buildActionMask = 2147483647;
			files = (
			);
			runOnlyForDeploymentPostprocessing = 0;
		};
/* End PBXResourcesBuildPhase section */

/* Begin PBXShellScriptBuildPhase section */
		4049566F8D046AF795676396 /* [CP] Check Pods Manifest.lock */ = {
			isa = PBXShellScriptBuildPhase;
			buildActionMask = 2147483647;
			files = (
			);
			inputFileListPaths = (
			);
			inputPaths = (
				"${PODS_PODFILE_DIR_PATH}/Podfile.lock",
				"${PODS_ROOT}/Manifest.lock",
			);
			name = "[CP] Check Pods Manifest.lock";
			outputFileListPaths = (
			);
			outputPaths = (
				"$(DERIVED_FILE_DIR)/Pods-iSecureOS-checkManifestLockResult.txt",
			);
			runOnlyForDeploymentPostprocessing = 0;
			shellPath = /bin/sh;
			shellScript = "diff \"${PODS_PODFILE_DIR_PATH}/Podfile.lock\" \"${PODS_ROOT}/Manifest.lock\" > /dev/null\nif [ $? != 0 ] ; then\n    # print error to STDERR\n    echo \"error: The sandbox is not in sync with the Podfile.lock. Run 'pod install' or update your CocoaPods installation.\" >&2\n    exit 1\nfi\n# This output is used by Xcode 'outputs' to avoid re-running this script phase.\necho \"SUCCESS\" > \"${SCRIPT_OUTPUT_FILE_0}\"\n";
			showEnvVarsInLog = 0;
		};
		78811D0C5371887F7A47A755 /* [CP] Check Pods Manifest.lock */ = {
			isa = PBXShellScriptBuildPhase;
			buildActionMask = 2147483647;
			files = (
			);
			inputFileListPaths = (
			);
			inputPaths = (
				"${PODS_PODFILE_DIR_PATH}/Podfile.lock",
				"${PODS_ROOT}/Manifest.lock",
			);
			name = "[CP] Check Pods Manifest.lock";
			outputFileListPaths = (
			);
			outputPaths = (
				"$(DERIVED_FILE_DIR)/Pods-iSecureOS-iSecureOSUITests-checkManifestLockResult.txt",
			);
			runOnlyForDeploymentPostprocessing = 0;
			shellPath = /bin/sh;
			shellScript = "diff \"${PODS_PODFILE_DIR_PATH}/Podfile.lock\" \"${PODS_ROOT}/Manifest.lock\" > /dev/null\nif [ $? != 0 ] ; then\n    # print error to STDERR\n    echo \"error: The sandbox is not in sync with the Podfile.lock. Run 'pod install' or update your CocoaPods installation.\" >&2\n    exit 1\nfi\n# This output is used by Xcode 'outputs' to avoid re-running this script phase.\necho \"SUCCESS\" > \"${SCRIPT_OUTPUT_FILE_0}\"\n";
			showEnvVarsInLog = 0;
		};
		F202268A5C7EDD18AE79FA23 /* [CP] Embed Pods Frameworks */ = {
			isa = PBXShellScriptBuildPhase;
			buildActionMask = 2147483647;
			files = (
			);
			inputFileListPaths = (
				"${PODS_ROOT}/Target Support Files/Pods-iSecureOS-iSecureOSUITests/Pods-iSecureOS-iSecureOSUITests-frameworks-${CONFIGURATION}-input-files.xcfilelist",
			);
			name = "[CP] Embed Pods Frameworks";
			outputFileListPaths = (
				"${PODS_ROOT}/Target Support Files/Pods-iSecureOS-iSecureOSUITests/Pods-iSecureOS-iSecureOSUITests-frameworks-${CONFIGURATION}-output-files.xcfilelist",
			);
			runOnlyForDeploymentPostprocessing = 0;
			shellPath = /bin/sh;
			shellScript = "\"${PODS_ROOT}/Target Support Files/Pods-iSecureOS-iSecureOSUITests/Pods-iSecureOS-iSecureOSUITests-frameworks.sh\"\n";
			showEnvVarsInLog = 0;
		};
		F614F6AAD83B8B8060DD2B32 /* [CP] Embed Pods Frameworks */ = {
			isa = PBXShellScriptBuildPhase;
			buildActionMask = 2147483647;
			files = (
			);
			inputFileListPaths = (
				"${PODS_ROOT}/Target Support Files/Pods-iSecureOS/Pods-iSecureOS-frameworks-${CONFIGURATION}-input-files.xcfilelist",
			);
			name = "[CP] Embed Pods Frameworks";
			outputFileListPaths = (
				"${PODS_ROOT}/Target Support Files/Pods-iSecureOS/Pods-iSecureOS-frameworks-${CONFIGURATION}-output-files.xcfilelist",
			);
			runOnlyForDeploymentPostprocessing = 0;
			shellPath = /bin/sh;
			shellScript = "\"${PODS_ROOT}/Target Support Files/Pods-iSecureOS/Pods-iSecureOS-frameworks.sh\"\n";
			showEnvVarsInLog = 0;
		};
		FAA3CD59FC6BC5ED405DCA89 /* [CP] Check Pods Manifest.lock */ = {
			isa = PBXShellScriptBuildPhase;
			buildActionMask = 2147483647;
			files = (
			);
			inputFileListPaths = (
			);
			inputPaths = (
				"${PODS_PODFILE_DIR_PATH}/Podfile.lock",
				"${PODS_ROOT}/Manifest.lock",
			);
			name = "[CP] Check Pods Manifest.lock";
			outputFileListPaths = (
			);
			outputPaths = (
				"$(DERIVED_FILE_DIR)/Pods-iSecureOSTests-checkManifestLockResult.txt",
			);
			runOnlyForDeploymentPostprocessing = 0;
			shellPath = /bin/sh;
			shellScript = "diff \"${PODS_PODFILE_DIR_PATH}/Podfile.lock\" \"${PODS_ROOT}/Manifest.lock\" > /dev/null\nif [ $? != 0 ] ; then\n    # print error to STDERR\n    echo \"error: The sandbox is not in sync with the Podfile.lock. Run 'pod install' or update your CocoaPods installation.\" >&2\n    exit 1\nfi\n# This output is used by Xcode 'outputs' to avoid re-running this script phase.\necho \"SUCCESS\" > \"${SCRIPT_OUTPUT_FILE_0}\"\n";
			showEnvVarsInLog = 0;
		};
/* End PBXShellScriptBuildPhase section */

/* Begin PBXSourcesBuildPhase section */
		D65BF71425F7B982003242F5 /* Sources */ = {
			isa = PBXSourcesBuildPhase;
			buildActionMask = 2147483647;
			files = (
				D62E05CE26065D4A00C5CDB8 /* iSecureOS-Networking.m in Sources */,
				D6AE881C25F7E55A0088F23B /* iSecureOS-Core.m in Sources */,
				D67095CE2607EAC000FC6851 /* iSecureOS-ROOT.m in Sources */,
				D65BF72325F7B982003242F5 /* ViewController.m in Sources */,
				D65BF71D25F7B982003242F5 /* AppDelegate.m in Sources */,
				D6ED8A1F260BE73100A44851 /* iSecureOS-Common.m in Sources */,
				D69AD1CC2608762B00FD3840 /* iSecureOS-Defaulting.h in Sources */,
				D65BF72E25F7B983003242F5 /* main.m in Sources */,
				D67096172608435400FC6851 /* iSecureOS-AppInfo.m in Sources */,
				D678EB8E25FC48D300464879 /* iSecureOS-Tampering.m in Sources */,
				D67095B72607C7D900FC6851 /* iSecureOS-ThreatScreen.m in Sources */,
				D62E05F1260688F000C5CDB8 /* iSecureOS-Signatures.m in Sources */,
				D65BF72025F7B982003242F5 /* SceneDelegate.m in Sources */,
				D6ED8A08260B449F00A44851 /* iSecureOS-Anti-Malware.m in Sources */,
				D6B5008426058C010073E833 /* iSecureOS-Security.m in Sources */,
			);
			runOnlyForDeploymentPostprocessing = 0;
		};
		D65BF72F25F7B983003242F5 /* Sources */ = {
			isa = PBXSourcesBuildPhase;
			buildActionMask = 2147483647;
			files = (
				D65BF73825F7B983003242F5 /* securOSTests.m in Sources */,
			);
			runOnlyForDeploymentPostprocessing = 0;
		};
		D65BF73A25F7B983003242F5 /* Sources */ = {
			isa = PBXSourcesBuildPhase;
			buildActionMask = 2147483647;
			files = (
				D65BF74325F7B984003242F5 /* securOSUITests.m in Sources */,
			);
			runOnlyForDeploymentPostprocessing = 0;
		};
/* End PBXSourcesBuildPhase section */

/* Begin PBXTargetDependency section */
		D65BF73525F7B983003242F5 /* PBXTargetDependency */ = {
			isa = PBXTargetDependency;
			target = D65BF71725F7B982003242F5 /* iSecureOS */;
			targetProxy = D65BF73425F7B983003242F5 /* PBXContainerItemProxy */;
		};
		D65BF74025F7B984003242F5 /* PBXTargetDependency */ = {
			isa = PBXTargetDependency;
			target = D65BF71725F7B982003242F5 /* iSecureOS */;
			targetProxy = D65BF73F25F7B984003242F5 /* PBXContainerItemProxy */;
		};
/* End PBXTargetDependency section */

/* Begin PBXVariantGroup section */
		D65BF72425F7B982003242F5 /* Main.storyboard */ = {
			isa = PBXVariantGroup;
			children = (
				D65BF72525F7B982003242F5 /* Base */,
			);
			name = Main.storyboard;
			sourceTree = "<group>";
		};
		D65BF72925F7B983003242F5 /* LaunchScreen.storyboard */ = {
			isa = PBXVariantGroup;
			children = (
				D65BF72A25F7B983003242F5 /* Base */,
			);
			name = LaunchScreen.storyboard;
			sourceTree = "<group>";
		};
/* End PBXVariantGroup section */

/* Begin XCBuildConfiguration section */
		D65BF74525F7B984003242F5 /* Debug */ = {
			isa = XCBuildConfiguration;
			buildSettings = {
				ALWAYS_SEARCH_USER_PATHS = NO;
				CLANG_ANALYZER_NONNULL = YES;
				CLANG_ANALYZER_NUMBER_OBJECT_CONVERSION = YES_AGGRESSIVE;
				CLANG_CXX_LANGUAGE_STANDARD = "gnu++14";
				CLANG_CXX_LIBRARY = "libc++";
				CLANG_ENABLE_MODULES = YES;
				CLANG_ENABLE_OBJC_ARC = YES;
				CLANG_ENABLE_OBJC_WEAK = YES;
				CLANG_WARN_BLOCK_CAPTURE_AUTORELEASING = YES;
				CLANG_WARN_BOOL_CONVERSION = YES;
				CLANG_WARN_COMMA = YES;
				CLANG_WARN_CONSTANT_CONVERSION = YES;
				CLANG_WARN_DEPRECATED_OBJC_IMPLEMENTATIONS = YES;
				CLANG_WARN_DIRECT_OBJC_ISA_USAGE = YES_ERROR;
				CLANG_WARN_DOCUMENTATION_COMMENTS = YES;
				CLANG_WARN_EMPTY_BODY = YES;
				CLANG_WARN_ENUM_CONVERSION = YES;
				CLANG_WARN_INFINITE_RECURSION = YES;
				CLANG_WARN_INT_CONVERSION = YES;
				CLANG_WARN_NON_LITERAL_NULL_CONVERSION = YES;
				CLANG_WARN_OBJC_IMPLICIT_RETAIN_SELF = YES;
				CLANG_WARN_OBJC_LITERAL_CONVERSION = YES;
				CLANG_WARN_OBJC_ROOT_CLASS = YES_ERROR;
				CLANG_WARN_QUOTED_INCLUDE_IN_FRAMEWORK_HEADER = YES;
				CLANG_WARN_RANGE_LOOP_ANALYSIS = YES;
				CLANG_WARN_STRICT_PROTOTYPES = YES;
				CLANG_WARN_SUSPICIOUS_MOVE = YES;
				CLANG_WARN_UNGUARDED_AVAILABILITY = YES_AGGRESSIVE;
				CLANG_WARN_UNREACHABLE_CODE = YES;
				CLANG_WARN__DUPLICATE_METHOD_MATCH = YES;
				COPY_PHASE_STRIP = NO;
				DEBUG_INFORMATION_FORMAT = dwarf;
				ENABLE_STRICT_OBJC_MSGSEND = YES;
				ENABLE_TESTABILITY = YES;
				GCC_C_LANGUAGE_STANDARD = gnu11;
				GCC_DYNAMIC_NO_PIC = NO;
				GCC_NO_COMMON_BLOCKS = YES;
				GCC_OPTIMIZATION_LEVEL = 0;
				GCC_PREPROCESSOR_DEFINITIONS = (
					"DEBUG=1",
					"$(inherited)",
				);
				GCC_WARN_64_TO_32_BIT_CONVERSION = YES;
				GCC_WARN_ABOUT_RETURN_TYPE = YES_ERROR;
				GCC_WARN_UNDECLARED_SELECTOR = YES;
				GCC_WARN_UNINITIALIZED_AUTOS = YES_AGGRESSIVE;
				GCC_WARN_UNUSED_FUNCTION = YES;
				GCC_WARN_UNUSED_VARIABLE = YES;
				IPHONEOS_DEPLOYMENT_TARGET = 14.4;
				MTL_ENABLE_DEBUG_INFO = INCLUDE_SOURCE;
				MTL_FAST_MATH = YES;
				ONLY_ACTIVE_ARCH = YES;
				SDKROOT = iphoneos;
			};
			name = Debug;
		};
		D65BF74625F7B984003242F5 /* Release */ = {
			isa = XCBuildConfiguration;
			buildSettings = {
				ALWAYS_SEARCH_USER_PATHS = NO;
				CLANG_ANALYZER_NONNULL = YES;
				CLANG_ANALYZER_NUMBER_OBJECT_CONVERSION = YES_AGGRESSIVE;
				CLANG_CXX_LANGUAGE_STANDARD = "gnu++14";
				CLANG_CXX_LIBRARY = "libc++";
				CLANG_ENABLE_MODULES = YES;
				CLANG_ENABLE_OBJC_ARC = YES;
				CLANG_ENABLE_OBJC_WEAK = YES;
				CLANG_WARN_BLOCK_CAPTURE_AUTORELEASING = YES;
				CLANG_WARN_BOOL_CONVERSION = YES;
				CLANG_WARN_COMMA = YES;
				CLANG_WARN_CONSTANT_CONVERSION = YES;
				CLANG_WARN_DEPRECATED_OBJC_IMPLEMENTATIONS = YES;
				CLANG_WARN_DIRECT_OBJC_ISA_USAGE = YES_ERROR;
				CLANG_WARN_DOCUMENTATION_COMMENTS = YES;
				CLANG_WARN_EMPTY_BODY = YES;
				CLANG_WARN_ENUM_CONVERSION = YES;
				CLANG_WARN_INFINITE_RECURSION = YES;
				CLANG_WARN_INT_CONVERSION = YES;
				CLANG_WARN_NON_LITERAL_NULL_CONVERSION = YES;
				CLANG_WARN_OBJC_IMPLICIT_RETAIN_SELF = YES;
				CLANG_WARN_OBJC_LITERAL_CONVERSION = YES;
				CLANG_WARN_OBJC_ROOT_CLASS = YES_ERROR;
				CLANG_WARN_QUOTED_INCLUDE_IN_FRAMEWORK_HEADER = YES;
				CLANG_WARN_RANGE_LOOP_ANALYSIS = YES;
				CLANG_WARN_STRICT_PROTOTYPES = YES;
				CLANG_WARN_SUSPICIOUS_MOVE = YES;
				CLANG_WARN_UNGUARDED_AVAILABILITY = YES_AGGRESSIVE;
				CLANG_WARN_UNREACHABLE_CODE = YES;
				CLANG_WARN__DUPLICATE_METHOD_MATCH = YES;
				COPY_PHASE_STRIP = NO;
				DEBUG_INFORMATION_FORMAT = "dwarf-with-dsym";
				ENABLE_NS_ASSERTIONS = NO;
				ENABLE_STRICT_OBJC_MSGSEND = YES;
				GCC_C_LANGUAGE_STANDARD = gnu11;
				GCC_NO_COMMON_BLOCKS = YES;
				GCC_WARN_64_TO_32_BIT_CONVERSION = YES;
				GCC_WARN_ABOUT_RETURN_TYPE = YES_ERROR;
				GCC_WARN_UNDECLARED_SELECTOR = YES;
				GCC_WARN_UNINITIALIZED_AUTOS = YES_AGGRESSIVE;
				GCC_WARN_UNUSED_FUNCTION = YES;
				GCC_WARN_UNUSED_VARIABLE = YES;
				IPHONEOS_DEPLOYMENT_TARGET = 14.4;
				MTL_ENABLE_DEBUG_INFO = NO;
				MTL_FAST_MATH = YES;
				SDKROOT = iphoneos;
				VALIDATE_PRODUCT = YES;
			};
			name = Release;
		};
		D65BF74825F7B984003242F5 /* Debug */ = {
			isa = XCBuildConfiguration;
			baseConfigurationReference = 498034BAE858AFBFBA07DEA7 /* Pods-iSecureOS.debug.xcconfig */;
			buildSettings = {
				ASSETCATALOG_COMPILER_APPICON_NAME = AppIcon;
				ASSETCATALOG_COMPILER_GLOBAL_ACCENT_COLOR_NAME = AccentColor;
				CODE_SIGN_STYLE = Automatic;
				CURRENT_PROJECT_VERSION = 9;
				DEVELOPMENT_TEAM = 423J45LL22;
				INFOPLIST_FILE = securOS/Info.plist;
				IPHONEOS_DEPLOYMENT_TARGET = 11.0;
				LD_RUNPATH_SEARCH_PATHS = (
					"$(inherited)",
					"@executable_path/Frameworks",
				);
				MARKETING_VERSION = 1.09;
				PRODUCT_BUNDLE_IDENTIFIER = com.geosn0w.iSecureOS;
				PRODUCT_NAME = "$(TARGET_NAME)";
				TARGETED_DEVICE_FAMILY = "1,2";
			};
			name = Debug;
		};
		D65BF74925F7B984003242F5 /* Release */ = {
			isa = XCBuildConfiguration;
			baseConfigurationReference = 85F17A096906C8FDA2D40ADA /* Pods-iSecureOS.release.xcconfig */;
			buildSettings = {
				ASSETCATALOG_COMPILER_APPICON_NAME = AppIcon;
				ASSETCATALOG_COMPILER_GLOBAL_ACCENT_COLOR_NAME = AccentColor;
				CODE_SIGN_STYLE = Automatic;
				CURRENT_PROJECT_VERSION = 9;
				DEVELOPMENT_TEAM = 423J45LL22;
				INFOPLIST_FILE = securOS/Info.plist;
				IPHONEOS_DEPLOYMENT_TARGET = 11.0;
				LD_RUNPATH_SEARCH_PATHS = (
					"$(inherited)",
					"@executable_path/Frameworks",
				);
				MARKETING_VERSION = 1.09;
				PRODUCT_BUNDLE_IDENTIFIER = com.geosn0w.iSecureOS;
				PRODUCT_NAME = "$(TARGET_NAME)";
				TARGETED_DEVICE_FAMILY = "1,2";
			};
			name = Release;
		};
		D65BF74B25F7B984003242F5 /* Debug */ = {
			isa = XCBuildConfiguration;
			baseConfigurationReference = C766859C8978393D255D550B /* Pods-iSecureOSTests.debug.xcconfig */;
			buildSettings = {
				BUNDLE_LOADER = "$(TEST_HOST)";
				CODE_SIGN_STYLE = Automatic;
				DEVELOPMENT_TEAM = J2H8LW73G9;
				INFOPLIST_FILE = securOSTests/Info.plist;
				IPHONEOS_DEPLOYMENT_TARGET = 14.4;
				LD_RUNPATH_SEARCH_PATHS = (
					"$(inherited)",
					"@executable_path/Frameworks",
					"@loader_path/Frameworks",
				);
				PRODUCT_BUNDLE_IDENTIFIER = com.geosn0w.securOS.securOSTests;
				PRODUCT_NAME = "$(TARGET_NAME)";
				TARGETED_DEVICE_FAMILY = "1,2";
				TEST_HOST = "$(BUILT_PRODUCTS_DIR)/iSecureOS.app/iSecureOS";
			};
			name = Debug;
		};
		D65BF74C25F7B984003242F5 /* Release */ = {
			isa = XCBuildConfiguration;
			baseConfigurationReference = 03305B55FFD59981C662C3AC /* Pods-iSecureOSTests.release.xcconfig */;
			buildSettings = {
				BUNDLE_LOADER = "$(TEST_HOST)";
				CODE_SIGN_STYLE = Automatic;
				DEVELOPMENT_TEAM = J2H8LW73G9;
				INFOPLIST_FILE = securOSTests/Info.plist;
				IPHONEOS_DEPLOYMENT_TARGET = 14.4;
				LD_RUNPATH_SEARCH_PATHS = (
					"$(inherited)",
					"@executable_path/Frameworks",
					"@loader_path/Frameworks",
				);
				PRODUCT_BUNDLE_IDENTIFIER = com.geosn0w.securOS.securOSTests;
				PRODUCT_NAME = "$(TARGET_NAME)";
				TARGETED_DEVICE_FAMILY = "1,2";
				TEST_HOST = "$(BUILT_PRODUCTS_DIR)/iSecureOS.app/iSecureOS";
			};
			name = Release;
		};
		D65BF74E25F7B984003242F5 /* Debug */ = {
			isa = XCBuildConfiguration;
			baseConfigurationReference = 8E9B33B5994082424D8E7487 /* Pods-iSecureOS-iSecureOSUITests.debug.xcconfig */;
			buildSettings = {
				CODE_SIGN_STYLE = Automatic;
				DEVELOPMENT_TEAM = J2H8LW73G9;
				INFOPLIST_FILE = securOSUITests/Info.plist;
				LD_RUNPATH_SEARCH_PATHS = (
					"$(inherited)",
					"@executable_path/Frameworks",
					"@loader_path/Frameworks",
				);
				PRODUCT_BUNDLE_IDENTIFIER = com.geosn0w.securOS.securOSUITests;
				PRODUCT_NAME = "$(TARGET_NAME)";
				TARGETED_DEVICE_FAMILY = "1,2";
				TEST_TARGET_NAME = securOS;
			};
			name = Debug;
		};
		D65BF74F25F7B984003242F5 /* Release */ = {
			isa = XCBuildConfiguration;
			baseConfigurationReference = E1031D6BEE8DA5179A0D7BFC /* Pods-iSecureOS-iSecureOSUITests.release.xcconfig */;
			buildSettings = {
				CODE_SIGN_STYLE = Automatic;
				DEVELOPMENT_TEAM = J2H8LW73G9;
				INFOPLIST_FILE = securOSUITests/Info.plist;
				LD_RUNPATH_SEARCH_PATHS = (
					"$(inherited)",
					"@executable_path/Frameworks",
					"@loader_path/Frameworks",
				);
				PRODUCT_BUNDLE_IDENTIFIER = com.geosn0w.securOS.securOSUITests;
				PRODUCT_NAME = "$(TARGET_NAME)";
				TARGETED_DEVICE_FAMILY = "1,2";
				TEST_TARGET_NAME = securOS;
			};
			name = Release;
		};
/* End XCBuildConfiguration section */

/* Begin XCConfigurationList section */
		D65BF71325F7B982003242F5 /* Build configuration list for PBXProject "iSecureOS" */ = {
			isa = XCConfigurationList;
			buildConfigurations = (
				D65BF74525F7B984003242F5 /* Debug */,
				D65BF74625F7B984003242F5 /* Release */,
			);
			defaultConfigurationIsVisible = 0;
			defaultConfigurationName = Release;
		};
		D65BF74725F7B984003242F5 /* Build configuration list for PBXNativeTarget "iSecureOS" */ = {
			isa = XCConfigurationList;
			buildConfigurations = (
				D65BF74825F7B984003242F5 /* Debug */,
				D65BF74925F7B984003242F5 /* Release */,
			);
			defaultConfigurationIsVisible = 0;
			defaultConfigurationName = Release;
		};
		D65BF74A25F7B984003242F5 /* Build configuration list for PBXNativeTarget "iSecureOSTests" */ = {
			isa = XCConfigurationList;
			buildConfigurations = (
				D65BF74B25F7B984003242F5 /* Debug */,
				D65BF74C25F7B984003242F5 /* Release */,
			);
			defaultConfigurationIsVisible = 0;
			defaultConfigurationName = Release;
		};
		D65BF74D25F7B984003242F5 /* Build configuration list for PBXNativeTarget "iSecureOSUITests" */ = {
			isa = XCConfigurationList;
			buildConfigurations = (
				D65BF74E25F7B984003242F5 /* Debug */,
				D65BF74F25F7B984003242F5 /* Release */,
			);
			defaultConfigurationIsVisible = 0;
			defaultConfigurationName = Release;
		};
/* End XCConfigurationList section */
	};
	rootObject = D65BF71025F7B982003242F5 /* Project object */;
}
