// !$*UTF8*$!
{
	archiveVersion = 1;
	classes = {
	};
	objectVersion = 50;
	objects = {

/* Begin PBXBuildFile section */
		D613D80826221567004FC3D4 /* iSecureOS-No-Connection.m in Sources */ = {isa = PBXBuildFile; fileRef = D613D80726221567004FC3D4 /* iSecureOS-No-Connection.m */; };
		D613D80D26221812004FC3D4 /* SystemConfiguration.framework in Frameworks */ = {isa = PBXBuildFile; fileRef = D613D80C26221812004FC3D4 /* SystemConfiguration.framework */; };
		D62E05CE26065D4A00C5CDB8 /* iSecureOS-Networking.m in Sources */ = {isa = PBXBuildFile; fileRef = D62E05CD26065D4A00C5CDB8 /* iSecureOS-Networking.m */; };
		D62E05E826067DFB00C5CDB8 /* CoreAudio.framework in Frameworks */ = {isa = PBXBuildFile; fileRef = D62E05E726067DFB00C5CDB8 /* CoreAudio.framework */; };
		D62E05F1260688F000C5CDB8 /* iSecureOS-Signatures.m in Sources */ = {isa = PBXBuildFile; fileRef = D62E05F0260688F000C5CDB8 /* iSecureOS-Signatures.m */; };
		D648A4F4261CAE5C0013A7E6 /* iSecureOS-Settings.m in Sources */ = {isa = PBXBuildFile; fileRef = D648A4F3261CAE5C0013A7E6 /* iSecureOS-Settings.m */; };
		D65BF71D25F7B982003242F5 /* AppDelegate.m in Sources */ = {isa = PBXBuildFile; fileRef = D65BF71C25F7B982003242F5 /* AppDelegate.m */; };
		D65BF72025F7B982003242F5 /* SceneDelegate.m in Sources */ = {isa = PBXBuildFile; fileRef = D65BF71F25F7B982003242F5 /* SceneDelegate.m */; };
		D65BF72325F7B982003242F5 /* iSecureOS-Main.m in Sources */ = {isa = PBXBuildFile; fileRef = D65BF72225F7B982003242F5 /* iSecureOS-Main.m */; };
		D65BF72625F7B982003242F5 /* Main.storyboard in Resources */ = {isa = PBXBuildFile; fileRef = D65BF72425F7B982003242F5 /* Main.storyboard */; };
		D65BF72825F7B983003242F5 /* Assets.xcassets in Resources */ = {isa = PBXBuildFile; fileRef = D65BF72725F7B983003242F5 /* Assets.xcassets */; };
		D65BF72B25F7B983003242F5 /* LaunchScreen.storyboard in Resources */ = {isa = PBXBuildFile; fileRef = D65BF72925F7B983003242F5 /* LaunchScreen.storyboard */; };
		D65BF72E25F7B983003242F5 /* main.m in Sources */ = {isa = PBXBuildFile; fileRef = D65BF72D25F7B983003242F5 /* main.m */; };
		D65BF73825F7B983003242F5 /* securOSTests.m in Sources */ = {isa = PBXBuildFile; fileRef = D65BF73725F7B983003242F5 /* securOSTests.m */; };
		D65BF74325F7B984003242F5 /* securOSUITests.m in Sources */ = {isa = PBXBuildFile; fileRef = D65BF74225F7B984003242F5 /* securOSUITests.m */; };
		D67095B72607C7D900FC6851 /* iSecureOS-ThreatScreen.m in Sources */ = {isa = PBXBuildFile; fileRef = D67095B62607C7D900FC6851 /* iSecureOS-ThreatScreen.m */; };
		D67095BC2607C94600FC6851 /* threat-detection.mp3 in Resources */ = {isa = PBXBuildFile; fileRef = D67095BB2607C94600FC6851 /* threat-detection.mp3 */; };
		D67095CE2607EAC000FC6851 /* iSecureOS-ROOT.m in Sources */ = {isa = PBXBuildFile; fileRef = D67095CD2607EAC000FC6851 /* iSecureOS-ROOT.m */; };
		D67096172608435400FC6851 /* iSecureOS-AppInfo.m in Sources */ = {isa = PBXBuildFile; fileRef = D67096162608435400FC6851 /* iSecureOS-AppInfo.m */; };
		D678EB8E25FC48D300464879 /* iSecureOS-Tampering.m in Sources */ = {isa = PBXBuildFile; fileRef = D678EB8D25FC48D300464879 /* iSecureOS-Tampering.m */; };
		D69AD1CC2608762B00FD3840 /* iSecureOS-Defaulting.h in Sources */ = {isa = PBXBuildFile; fileRef = D69AD1CB2608762B00FD3840 /* iSecureOS-Defaulting.h */; };
		D6A0EC9926195A3A0057C6FE /* iSecureOS-Common.m in Sources */ = {isa = PBXBuildFile; fileRef = D6A0EC9826195A3A0057C6FE /* iSecureOS-Common.m */; };
		D6AE881C25F7E55A0088F23B /* iSecureOS-Core.m in Sources */ = {isa = PBXBuildFile; fileRef = D6AE881B25F7E55A0088F23B /* iSecureOS-Core.m */; };
		D6B5008426058C010073E833 /* iSecureOS-Security.m in Sources */ = {isa = PBXBuildFile; fileRef = D6B5008326058C010073E833 /* iSecureOS-Security.m */; };
/* End PBXBuildFile section */

/* Begin PBXContainerItemProxy section */
		D65BF73425F7B983003242F5 /* PBXContainerItemProxy */ = {
			isa = PBXContainerItemProxy;
			containerPortal = D65BF71025F7B982003242F5 /* Project object */;
			proxyType = 1;
			remoteGlobalIDString = D65BF71725F7B982003242F5;
			remoteInfo = securOS;
		};
		D65BF73F25F7B984003242F5 /* PBXContainerItemProxy */ = {
			isa = PBXContainerItemProxy;
			containerPortal = D65BF71025F7B982003242F5 /* Project object */;
			proxyType = 1;
			remoteGlobalIDString = D65BF71725F7B982003242F5;
			remoteInfo = securOS;
		};
/* End PBXContainerItemProxy section */

/* Begin PBXFileReference section */
		D613D80626221567004FC3D4 /* iSecureOS-No-Connection.h */ = {isa = PBXFileReference; lastKnownFileType = sourcecode.c.h; path = "iSecureOS-No-Connection.h"; sourceTree = "<group>"; };
		D613D80726221567004FC3D4 /* iSecureOS-No-Connection.m */ = {isa = PBXFileReference; lastKnownFileType = sourcecode.c.objc; path = "iSecureOS-No-Connection.m"; sourceTree = "<group>"; };
		D613D80C26221812004FC3D4 /* SystemConfiguration.framework */ = {isa = PBXFileReference; lastKnownFileType = wrapper.framework; name = SystemConfiguration.framework; path = System/Library/Frameworks/SystemConfiguration.framework; sourceTree = SDKROOT; };
		D62E05CD26065D4A00C5CDB8 /* iSecureOS-Networking.m */ = {isa = PBXFileReference; lastKnownFileType = sourcecode.c.objc; path = "iSecureOS-Networking.m"; sourceTree = "<group>"; };
		D62E05D6260660BA00C5CDB8 /* CoreLocation.framework */ = {isa = PBXFileReference; lastKnownFileType = wrapper.framework; name = CoreLocation.framework; path = System/Library/Frameworks/CoreLocation.framework; sourceTree = SDKROOT; };
		D62E05DB260661F700C5CDB8 /* iSecureOS-Networking.h */ = {isa = PBXFileReference; lastKnownFileType = sourcecode.c.h; path = "iSecureOS-Networking.h"; sourceTree = "<group>"; };
		D62E05E726067DFB00C5CDB8 /* CoreAudio.framework */ = {isa = PBXFileReference; lastKnownFileType = wrapper.framework; name = CoreAudio.framework; path = System/Library/Frameworks/CoreAudio.framework; sourceTree = SDKROOT; };
		D62E05F0260688F000C5CDB8 /* iSecureOS-Signatures.m */ = {isa = PBXFileReference; lastKnownFileType = sourcecode.c.objc; path = "iSecureOS-Signatures.m"; sourceTree = "<group>"; };
		D62E05F5260689A300C5CDB8 /* iSecureOS-Signatures.h */ = {isa = PBXFileReference; lastKnownFileType = sourcecode.c.h; path = "iSecureOS-Signatures.h"; sourceTree = "<group>"; };
		D648A4F2261CAE5C0013A7E6 /* iSecureOS-Settings.h */ = {isa = PBXFileReference; lastKnownFileType = sourcecode.c.h; path = "iSecureOS-Settings.h"; sourceTree = "<group>"; };
		D648A4F3261CAE5C0013A7E6 /* iSecureOS-Settings.m */ = {isa = PBXFileReference; lastKnownFileType = sourcecode.c.objc; path = "iSecureOS-Settings.m"; sourceTree = "<group>"; };
		D65BF71825F7B982003242F5 /* iSecureOS.app */ = {isa = PBXFileReference; explicitFileType = wrapper.application; includeInIndex = 0; path = iSecureOS.app; sourceTree = BUILT_PRODUCTS_DIR; };
		D65BF71B25F7B982003242F5 /* AppDelegate.h */ = {isa = PBXFileReference; lastKnownFileType = sourcecode.c.h; path = AppDelegate.h; sourceTree = "<group>"; };
		D65BF71C25F7B982003242F5 /* AppDelegate.m */ = {isa = PBXFileReference; lastKnownFileType = sourcecode.c.objc; path = AppDelegate.m; sourceTree = "<group>"; };
		D65BF71E25F7B982003242F5 /* SceneDelegate.h */ = {isa = PBXFileReference; lastKnownFileType = sourcecode.c.h; path = SceneDelegate.h; sourceTree = "<group>"; };
		D65BF71F25F7B982003242F5 /* SceneDelegate.m */ = {isa = PBXFileReference; lastKnownFileType = sourcecode.c.objc; path = SceneDelegate.m; sourceTree = "<group>"; };
		D65BF72125F7B982003242F5 /* iSecureOS-Main.h */ = {isa = PBXFileReference; lastKnownFileType = sourcecode.c.h; path = "iSecureOS-Main.h"; sourceTree = "<group>"; };
		D65BF72225F7B982003242F5 /* iSecureOS-Main.m */ = {isa = PBXFileReference; lastKnownFileType = sourcecode.c.objc; path = "iSecureOS-Main.m"; sourceTree = "<group>"; };
		D65BF72525F7B982003242F5 /* Base */ = {isa = PBXFileReference; lastKnownFileType = file.storyboard; name = Base; path = Base.lproj/Main.storyboard; sourceTree = "<group>"; };
		D65BF72725F7B983003242F5 /* Assets.xcassets */ = {isa = PBXFileReference; lastKnownFileType = folder.assetcatalog; path = Assets.xcassets; sourceTree = "<group>"; };
		D65BF72A25F7B983003242F5 /* Base */ = {isa = PBXFileReference; lastKnownFileType = file.storyboard; name = Base; path = Base.lproj/LaunchScreen.storyboard; sourceTree = "<group>"; };
		D65BF72C25F7B983003242F5 /* Info.plist */ = {isa = PBXFileReference; lastKnownFileType = text.plist.xml; path = Info.plist; sourceTree = "<group>"; };
		D65BF72D25F7B983003242F5 /* main.m */ = {isa = PBXFileReference; lastKnownFileType = sourcecode.c.objc; path = main.m; sourceTree = "<group>"; };
		D65BF73325F7B983003242F5 /* iSecureOSTests.xctest */ = {isa = PBXFileReference; explicitFileType = wrapper.cfbundle; includeInIndex = 0; path = iSecureOSTests.xctest; sourceTree = BUILT_PRODUCTS_DIR; };
		D65BF73725F7B983003242F5 /* securOSTests.m */ = {isa = PBXFileReference; lastKnownFileType = sourcecode.c.objc; path = securOSTests.m; sourceTree = "<group>"; };
		D65BF73925F7B983003242F5 /* Info.plist */ = {isa = PBXFileReference; lastKnownFileType = text.plist.xml; path = Info.plist; sourceTree = "<group>"; };
		D65BF73E25F7B984003242F5 /* iSecureOSUITests.xctest */ = {isa = PBXFileReference; explicitFileType = wrapper.cfbundle; includeInIndex = 0; path = iSecureOSUITests.xctest; sourceTree = BUILT_PRODUCTS_DIR; };
		D65BF74225F7B984003242F5 /* securOSUITests.m */ = {isa = PBXFileReference; lastKnownFileType = sourcecode.c.objc; path = securOSUITests.m; sourceTree = "<group>"; };
		D65BF74425F7B984003242F5 /* Info.plist */ = {isa = PBXFileReference; lastKnownFileType = text.plist.xml; path = Info.plist; sourceTree = "<group>"; };
		D67095B52607C7D900FC6851 /* iSecureOS-ThreatScreen.h */ = {isa = PBXFileReference; lastKnownFileType = sourcecode.c.h; path = "iSecureOS-ThreatScreen.h"; sourceTree = "<group>"; };
		D67095B62607C7D900FC6851 /* iSecureOS-ThreatScreen.m */ = {isa = PBXFileReference; lastKnownFileType = sourcecode.c.objc; path = "iSecureOS-ThreatScreen.m"; sourceTree = "<group>"; };
		D67095BB2607C94600FC6851 /* threat-detection.mp3 */ = {isa = PBXFileReference; lastKnownFileType = audio.mp3; path = "threat-detection.mp3"; sourceTree = "<group>"; };
		D67095CC2607EAC000FC6851 /* iSecureOS-ROOT.h */ = {isa = PBXFileReference; lastKnownFileType = sourcecode.c.h; path = "iSecureOS-ROOT.h"; sourceTree = "<group>"; };
		D67095CD2607EAC000FC6851 /* iSecureOS-ROOT.m */ = {isa = PBXFileReference; lastKnownFileType = sourcecode.c.objc; path = "iSecureOS-ROOT.m"; sourceTree = "<group>"; };
		D67095D22607EC6700FC6851 /* SystemReboot.h */ = {isa = PBXFileReference; lastKnownFileType = sourcecode.c.h; path = SystemReboot.h; sourceTree = "<group>"; };
		D67096152608435400FC6851 /* iSecureOS-AppInfo.h */ = {isa = PBXFileReference; lastKnownFileType = sourcecode.c.h; path = "iSecureOS-AppInfo.h"; sourceTree = "<group>"; };
		D67096162608435400FC6851 /* iSecureOS-AppInfo.m */ = {isa = PBXFileReference; lastKnownFileType = sourcecode.c.objc; path = "iSecureOS-AppInfo.m"; sourceTree = "<group>"; };
		D678EB8D25FC48D300464879 /* iSecureOS-Tampering.m */ = {isa = PBXFileReference; lastKnownFileType = sourcecode.c.objc; path = "iSecureOS-Tampering.m"; sourceTree = "<group>"; };
		D678EB9225FC48E700464879 /* iSecureOS-Tampering.h */ = {isa = PBXFileReference; lastKnownFileType = sourcecode.c.h; path = "iSecureOS-Tampering.h"; sourceTree = "<group>"; };
		D69AD1CB2608762B00FD3840 /* iSecureOS-Defaulting.h */ = {isa = PBXFileReference; lastKnownFileType = sourcecode.c.h; path = "iSecureOS-Defaulting.h"; sourceTree = "<group>"; };
		D6A0EC9826195A3A0057C6FE /* iSecureOS-Common.m */ = {isa = PBXFileReference; lastKnownFileType = sourcecode.c.objc; path = "iSecureOS-Common.m"; sourceTree = "<group>"; };
		D6AE881A25F7E55A0088F23B /* iSecureOS-Core.h */ = {isa = PBXFileReference; lastKnownFileType = sourcecode.c.h; path = "iSecureOS-Core.h"; sourceTree = "<group>"; };
		D6AE881B25F7E55A0088F23B /* iSecureOS-Core.m */ = {isa = PBXFileReference; lastKnownFileType = sourcecode.c.objc; path = "iSecureOS-Core.m"; sourceTree = "<group>"; };
		D6B5008326058C010073E833 /* iSecureOS-Security.m */ = {isa = PBXFileReference; lastKnownFileType = sourcecode.c.objc; path = "iSecureOS-Security.m"; sourceTree = "<group>"; };
		D6B5008826058D4C0073E833 /* iSecureOS-Security.h */ = {isa = PBXFileReference; lastKnownFileType = sourcecode.c.h; path = "iSecureOS-Security.h"; sourceTree = "<group>"; };
		D6ED8A1D260BE73100A44851 /* iSecureOS-Common.h */ = {isa = PBXFileReference; lastKnownFileType = sourcecode.c.h; path = "iSecureOS-Common.h"; sourceTree = "<group>"; };
/* End PBXFileReference section */

/* Begin PBXFrameworksBuildPhase section */
		D65BF71525F7B982003242F5 /* Frameworks */ = {
			isa = PBXFrameworksBuildPhase;
			buildActionMask = 2147483647;
			files = (
				D613D80D26221812004FC3D4 /* SystemConfiguration.framework in Frameworks */,
				D62E05E826067DFB00C5CDB8 /* CoreAudio.framework in Frameworks */,
			);
			runOnlyForDeploymentPostprocessing = 0;
		};
		D65BF73025F7B983003242F5 /* Frameworks */ = {
			isa = PBXFrameworksBuildPhase;
			buildActionMask = 2147483647;
			files = (
			);
			runOnlyForDeploymentPostprocessing = 0;
		};
		D65BF73B25F7B983003242F5 /* Frameworks */ = {
			isa = PBXFrameworksBuildPhase;
			buildActionMask = 2147483647;
			files = (
			);
			runOnlyForDeploymentPostprocessing = 0;
		};
/* End PBXFrameworksBuildPhase section */

/* Begin PBXGroup section */
		D62E05D5260660BA00C5CDB8 /* Frameworks */ = {
			isa = PBXGroup;
			children = (
				D613D80C26221812004FC3D4 /* SystemConfiguration.framework */,
				D62E05E726067DFB00C5CDB8 /* CoreAudio.framework */,
				D62E05D6260660BA00C5CDB8 /* CoreLocation.framework */,
			);
			name = Frameworks;
			sourceTree = "<group>";
		};
		D648A4F8261CAE7B0013A7E6 /* Storyboards */ = {
			isa = PBXGroup;
			children = (
				D65BF72925F7B983003242F5 /* LaunchScreen.storyboard */,
				D65BF72425F7B982003242F5 /* Main.storyboard */,
			);
			path = Storyboards;
			sourceTree = "<group>";
		};
		D648A4FA261CAE970013A7E6 /* iSecureOS-Settings */ = {
			isa = PBXGroup;
			children = (
				D648A4F2261CAE5C0013A7E6 /* iSecureOS-Settings.h */,
				D648A4F3261CAE5C0013A7E6 /* iSecureOS-Settings.m */,
			);
			path = "iSecureOS-Settings";
			sourceTree = "<group>";
		};
		D648A4FE261CAEB80013A7E6 /* iSecureOS-Core */ = {
			isa = PBXGroup;
			children = (
				D6AE881A25F7E55A0088F23B /* iSecureOS-Core.h */,
				D6AE881B25F7E55A0088F23B /* iSecureOS-Core.m */,
			);
			path = "iSecureOS-Core";
			sourceTree = "<group>";
		};
		D648A4FF261CAEC20013A7E6 /* iSecureOS-Root */ = {
			isa = PBXGroup;
			children = (
				D67095CC2607EAC000FC6851 /* iSecureOS-ROOT.h */,
				D67095CD2607EAC000FC6851 /* iSecureOS-ROOT.m */,
			);
			path = "iSecureOS-Root";
			sourceTree = "<group>";
		};
		D648A503261CAED00013A7E6 /* iSecureOS-Signatures */ = {
			isa = PBXGroup;
			children = (
				D62E05F5260689A300C5CDB8 /* iSecureOS-Signatures.h */,
				D62E05F0260688F000C5CDB8 /* iSecureOS-Signatures.m */,
			);
			path = "iSecureOS-Signatures";
			sourceTree = "<group>";
		};
		D648A50A261CAEDC0013A7E6 /* iSecureOS-AppInfo */ = {
			isa = PBXGroup;
			children = (
				D67096152608435400FC6851 /* iSecureOS-AppInfo.h */,
				D67096162608435400FC6851 /* iSecureOS-AppInfo.m */,
			);
			path = "iSecureOS-AppInfo";
			sourceTree = "<group>";
		};
		D648A50B261CAEEC0013A7E6 /* iSecureOS-Common */ = {
			isa = PBXGroup;
			children = (
				D67095D22607EC6700FC6851 /* SystemReboot.h */,
				D69AD1CB2608762B00FD3840 /* iSecureOS-Defaulting.h */,
				D6ED8A1D260BE73100A44851 /* iSecureOS-Common.h */,
				D6A0EC9826195A3A0057C6FE /* iSecureOS-Common.m */,
			);
			path = "iSecureOS-Common";
			sourceTree = "<group>";
		};
		D648A512261CAF010013A7E6 /* iSecureOS-Networking */ = {
			isa = PBXGroup;
			children = (
				D62E05DB260661F700C5CDB8 /* iSecureOS-Networking.h */,
				D62E05CD26065D4A00C5CDB8 /* iSecureOS-Networking.m */,
			);
			path = "iSecureOS-Networking";
			sourceTree = "<group>";
		};
		D648A516261CAF0E0013A7E6 /* iSecureOS-Security */ = {
			isa = PBXGroup;
			children = (
				D6B5008326058C010073E833 /* iSecureOS-Security.m */,
				D6B5008826058D4C0073E833 /* iSecureOS-Security.h */,
			);
			path = "iSecureOS-Security";
			sourceTree = "<group>";
		};
		D648A51A261CAF1C0013A7E6 /* iSecureOS-Tampering */ = {
			isa = PBXGroup;
			children = (
				D678EB8D25FC48D300464879 /* iSecureOS-Tampering.m */,
				D678EB9225FC48E700464879 /* iSecureOS-Tampering.h */,
			);
			path = "iSecureOS-Tampering";
			sourceTree = "<group>";
		};
		D648A521261CAF2A0013A7E6 /* iSecureOS-ThreatScreen */ = {
			isa = PBXGroup;
			children = (
				D67095B52607C7D900FC6851 /* iSecureOS-ThreatScreen.h */,
				D67095B62607C7D900FC6851 /* iSecureOS-ThreatScreen.m */,
				D67095BB2607C94600FC6851 /* threat-detection.mp3 */,
			);
			path = "iSecureOS-ThreatScreen";
			sourceTree = "<group>";
		};
		D648A522261CAF580013A7E6 /* iSecureOS-Main */ = {
			isa = PBXGroup;
			children = (
				D65BF72125F7B982003242F5 /* iSecureOS-Main.h */,
				D65BF72225F7B982003242F5 /* iSecureOS-Main.m */,
				D613D80626221567004FC3D4 /* iSecureOS-No-Connection.h */,
				D613D80726221567004FC3D4 /* iSecureOS-No-Connection.m */,
			);
			path = "iSecureOS-Main";
			sourceTree = "<group>";
		};
		D65BF70F25F7B982003242F5 = {
			isa = PBXGroup;
			children = (
				D65BF71A25F7B982003242F5 /* securOS */,
				D65BF73625F7B983003242F5 /* securOSTests */,
				D65BF74125F7B984003242F5 /* securOSUITests */,
				D65BF71925F7B982003242F5 /* Products */,
				D62E05D5260660BA00C5CDB8 /* Frameworks */,
			);
			sourceTree = "<group>";
		};
		D65BF71925F7B982003242F5 /* Products */ = {
			isa = PBXGroup;
			children = (
				D65BF71825F7B982003242F5 /* iSecureOS.app */,
				D65BF73325F7B983003242F5 /* iSecureOSTests.xctest */,
				D65BF73E25F7B984003242F5 /* iSecureOSUITests.xctest */,
			);
			name = Products;
			sourceTree = "<group>";
		};
		D65BF71A25F7B982003242F5 /* securOS */ = {
			isa = PBXGroup;
			children = (
				D65BF75625F7BAFB003242F5 /* securOS */,
				D65BF72725F7B983003242F5 /* Assets.xcassets */,
				D65BF71B25F7B982003242F5 /* AppDelegate.h */,
				D65BF71C25F7B982003242F5 /* AppDelegate.m */,
				D65BF71E25F7B982003242F5 /* SceneDelegate.h */,
				D65BF71F25F7B982003242F5 /* SceneDelegate.m */,
				D648A522261CAF580013A7E6 /* iSecureOS-Main */,
				D648A50B261CAEEC0013A7E6 /* iSecureOS-Common */,
				D648A4FA261CAE970013A7E6 /* iSecureOS-Settings */,
				D648A4FF261CAEC20013A7E6 /* iSecureOS-Root */,
				D648A4FE261CAEB80013A7E6 /* iSecureOS-Core */,
				D648A503261CAED00013A7E6 /* iSecureOS-Signatures */,
				D648A50A261CAEDC0013A7E6 /* iSecureOS-AppInfo */,
				D648A512261CAF010013A7E6 /* iSecureOS-Networking */,
				D648A516261CAF0E0013A7E6 /* iSecureOS-Security */,
				D648A51A261CAF1C0013A7E6 /* iSecureOS-Tampering */,
				D648A521261CAF2A0013A7E6 /* iSecureOS-ThreatScreen */,
				D648A4F8261CAE7B0013A7E6 /* Storyboards */,
				D65BF72C25F7B983003242F5 /* Info.plist */,
				D65BF72D25F7B983003242F5 /* main.m */,
			);
			path = securOS;
			sourceTree = "<group>";
		};
		D65BF73625F7B983003242F5 /* securOSTests */ = {
			isa = PBXGroup;
			children = (
				D65BF73725F7B983003242F5 /* securOSTests.m */,
				D65BF73925F7B983003242F5 /* Info.plist */,
			);
			path = securOSTests;
			sourceTree = "<group>";
		};
		D65BF74125F7B984003242F5 /* securOSUITests */ = {
			isa = PBXGroup;
			children = (
				D65BF74225F7B984003242F5 /* securOSUITests.m */,
				D65BF74425F7B984003242F5 /* Info.plist */,
			);
			path = securOSUITests;
			sourceTree = "<group>";
		};
		D65BF75625F7BAFB003242F5 /* securOS */ = {
			isa = PBXGroup;
			children = (
			);
			path = securOS;
			sourceTree = "<group>";
		};
/* End PBXGroup section */

/* Begin PBXNativeTarget section */
		D65BF71725F7B982003242F5 /* iSecureOS */ = {
			isa = PBXNativeTarget;
			buildConfigurationList = D65BF74725F7B984003242F5 /* Build configuration list for PBXNativeTarget "iSecureOS" */;
			buildPhases = (
				D65BF71425F7B982003242F5 /* Sources */,
				D65BF71525F7B982003242F5 /* Frameworks */,
				D65BF71625F7B982003242F5 /* Resources */,
			);
			buildRules = (
			);
			dependencies = (
			);
			name = iSecureOS;
			productName = securOS;
			productReference = D65BF71825F7B982003242F5 /* iSecureOS.app */;
			productType = "com.apple.product-type.application";
		};
		D65BF73225F7B983003242F5 /* iSecureOSTests */ = {
			isa = PBXNativeTarget;
			buildConfigurationList = D65BF74A25F7B984003242F5 /* Build configuration list for PBXNativeTarget "iSecureOSTests" */;
			buildPhases = (
				D65BF72F25F7B983003242F5 /* Sources */,
				D65BF73025F7B983003242F5 /* Frameworks */,
				D65BF73125F7B983003242F5 /* Resources */,
			);
			buildRules = (
			);
			dependencies = (
				D65BF73525F7B983003242F5 /* PBXTargetDependency */,
			);
			name = iSecureOSTests;
			productName = securOSTests;
			productReference = D65BF73325F7B983003242F5 /* iSecureOSTests.xctest */;
			productType = "com.apple.product-type.bundle.unit-test";
		};
		D65BF73D25F7B983003242F5 /* iSecureOSUITests */ = {
			isa = PBXNativeTarget;
			buildConfigurationList = D65BF74D25F7B984003242F5 /* Build configuration list for PBXNativeTarget "iSecureOSUITests" */;
			buildPhases = (
				D65BF73A25F7B983003242F5 /* Sources */,
				D65BF73B25F7B983003242F5 /* Frameworks */,
				D65BF73C25F7B983003242F5 /* Resources */,
			);
			buildRules = (
			);
			dependencies = (
				D65BF74025F7B984003242F5 /* PBXTargetDependency */,
			);
			name = iSecureOSUITests;
			productName = securOSUITests;
			productReference = D65BF73E25F7B984003242F5 /* iSecureOSUITests.xctest */;
			productType = "com.apple.product-type.bundle.ui-testing";
		};
/* End PBXNativeTarget section */

/* Begin PBXProject section */
		D65BF71025F7B982003242F5 /* Project object */ = {
			isa = PBXProject;
			attributes = {
				LastUpgradeCheck = 1240;
				TargetAttributes = {
					D65BF71725F7B982003242F5 = {
						CreatedOnToolsVersion = 12.4;
					};
					D65BF73225F7B983003242F5 = {
						CreatedOnToolsVersion = 12.4;
						TestTargetID = D65BF71725F7B982003242F5;
					};
					D65BF73D25F7B983003242F5 = {
						CreatedOnToolsVersion = 12.4;
						TestTargetID = D65BF71725F7B982003242F5;
					};
				};
			};
			buildConfigurationList = D65BF71325F7B982003242F5 /* Build configuration list for PBXProject "iSecureOS" */;
			compatibilityVersion = "Xcode 9.3";
			developmentRegion = en;
			hasScannedForEncodings = 0;
			knownRegions = (
				en,
				Base,
			);
			mainGroup = D65BF70F25F7B982003242F5;
			productRefGroup = D65BF71925F7B982003242F5 /* Products */;
			projectDirPath = "";
			projectRoot = "";
			targets = (
				D65BF71725F7B982003242F5 /* iSecureOS */,
				D65BF73225F7B983003242F5 /* iSecureOSTests */,
				D65BF73D25F7B983003242F5 /* iSecureOSUITests */,
			);
		};
/* End PBXProject section */

/* Begin PBXResourcesBuildPhase section */
		D65BF71625F7B982003242F5 /* Resources */ = {
			isa = PBXResourcesBuildPhase;
			buildActionMask = 2147483647;
			files = (
				D65BF72B25F7B983003242F5 /* LaunchScreen.storyboard in Resources */,
				D65BF72825F7B983003242F5 /* Assets.xcassets in Resources */,
				D67095BC2607C94600FC6851 /* threat-detection.mp3 in Resources */,
				D65BF72625F7B982003242F5 /* Main.storyboard in Resources */,
			);
			runOnlyForDeploymentPostprocessing = 0;
		};
		D65BF73125F7B983003242F5 /* Resources */ = {
			isa = PBXResourcesBuildPhase;
			buildActionMask = 2147483647;
			files = (
			);
			runOnlyForDeploymentPostprocessing = 0;
		};
		D65BF73C25F7B983003242F5 /* Resources */ = {
			isa = PBXResourcesBuildPhase;
			buildActionMask = 2147483647;
			files = (
			);
			runOnlyForDeploymentPostprocessing = 0;
		};
/* End PBXResourcesBuildPhase section */

/* Begin PBXSourcesBuildPhase section */
		D65BF71425F7B982003242F5 /* Sources */ = {
			isa = PBXSourcesBuildPhase;
			buildActionMask = 2147483647;
			files = (
				D62E05CE26065D4A00C5CDB8 /* iSecureOS-Networking.m in Sources */,
				D6AE881C25F7E55A0088F23B /* iSecureOS-Core.m in Sources */,
				D67095CE2607EAC000FC6851 /* iSecureOS-ROOT.m in Sources */,
				D65BF72325F7B982003242F5 /* iSecureOS-Main.m in Sources */,
				D65BF71D25F7B982003242F5 /* AppDelegate.m in Sources */,
				D69AD1CC2608762B00FD3840 /* iSecureOS-Defaulting.h in Sources */,
				D648A4F4261CAE5C0013A7E6 /* iSecureOS-Settings.m in Sources */,
				D65BF72E25F7B983003242F5 /* main.m in Sources */,
				D67096172608435400FC6851 /* iSecureOS-AppInfo.m in Sources */,
				D678EB8E25FC48D300464879 /* iSecureOS-Tampering.m in Sources */,
				D67095B72607C7D900FC6851 /* iSecureOS-ThreatScreen.m in Sources */,
				D62E05F1260688F000C5CDB8 /* iSecureOS-Signatures.m in Sources */,
				D6A0EC9926195A3A0057C6FE /* iSecureOS-Common.m in Sources */,
				D613D80826221567004FC3D4 /* iSecureOS-No-Connection.m in Sources */,
				D65BF72025F7B982003242F5 /* SceneDelegate.m in Sources */,
				D6B5008426058C010073E833 /* iSecureOS-Security.m in Sources */,
			);
			runOnlyForDeploymentPostprocessing = 0;
		};
		D65BF72F25F7B983003242F5 /* Sources */ = {
			isa = PBXSourcesBuildPhase;
			buildActionMask = 2147483647;
			files = (
				D65BF73825F7B983003242F5 /* securOSTests.m in Sources */,
			);
			runOnlyForDeploymentPostprocessing = 0;
		};
		D65BF73A25F7B983003242F5 /* Sources */ = {
			isa = PBXSourcesBuildPhase;
			buildActionMask = 2147483647;
			files = (
				D65BF74325F7B984003242F5 /* securOSUITests.m in Sources */,
			);
			runOnlyForDeploymentPostprocessing = 0;
		};
/* End PBXSourcesBuildPhase section */

/* Begin PBXTargetDependency section */
		D65BF73525F7B983003242F5 /* PBXTargetDependency */ = {
			isa = PBXTargetDependency;
			target = D65BF71725F7B982003242F5 /* iSecureOS */;
			targetProxy = D65BF73425F7B983003242F5 /* PBXContainerItemProxy */;
		};
		D65BF74025F7B984003242F5 /* PBXTargetDependency */ = {
			isa = PBXTargetDependency;
			target = D65BF71725F7B982003242F5 /* iSecureOS */;
			targetProxy = D65BF73F25F7B984003242F5 /* PBXContainerItemProxy */;
		};
/* End PBXTargetDependency section */

/* Begin PBXVariantGroup section */
		D65BF72425F7B982003242F5 /* Main.storyboard */ = {
			isa = PBXVariantGroup;
			children = (
				D65BF72525F7B982003242F5 /* Base */,
			);
			name = Main.storyboard;
			sourceTree = "<group>";
		};
		D65BF72925F7B983003242F5 /* LaunchScreen.storyboard */ = {
			isa = PBXVariantGroup;
			children = (
				D65BF72A25F7B983003242F5 /* Base */,
			);
			name = LaunchScreen.storyboard;
			sourceTree = "<group>";
		};
/* End PBXVariantGroup section */

/* Begin XCBuildConfiguration section */
		D65BF74525F7B984003242F5 /* Debug */ = {
			isa = XCBuildConfiguration;
			buildSettings = {
				ALWAYS_SEARCH_USER_PATHS = NO;
				CLANG_ANALYZER_NONNULL = YES;
				CLANG_ANALYZER_NUMBER_OBJECT_CONVERSION = YES_AGGRESSIVE;
				CLANG_CXX_LANGUAGE_STANDARD = "gnu++14";
				CLANG_CXX_LIBRARY = "libc++";
				CLANG_ENABLE_MODULES = YES;
				CLANG_ENABLE_OBJC_ARC = YES;
				CLANG_ENABLE_OBJC_WEAK = YES;
				CLANG_WARN_BLOCK_CAPTURE_AUTORELEASING = YES;
				CLANG_WARN_BOOL_CONVERSION = YES;
				CLANG_WARN_COMMA = YES;
				CLANG_WARN_CONSTANT_CONVERSION = YES;
				CLANG_WARN_DEPRECATED_OBJC_IMPLEMENTATIONS = YES;
				CLANG_WARN_DIRECT_OBJC_ISA_USAGE = YES_ERROR;
				CLANG_WARN_DOCUMENTATION_COMMENTS = YES;
				CLANG_WARN_EMPTY_BODY = YES;
				CLANG_WARN_ENUM_CONVERSION = YES;
				CLANG_WARN_INFINITE_RECURSION = YES;
				CLANG_WARN_INT_CONVERSION = YES;
				CLANG_WARN_NON_LITERAL_NULL_CONVERSION = YES;
				CLANG_WARN_OBJC_IMPLICIT_RETAIN_SELF = YES;
				CLANG_WARN_OBJC_LITERAL_CONVERSION = YES;
				CLANG_WARN_OBJC_ROOT_CLASS = YES_ERROR;
				CLANG_WARN_QUOTED_INCLUDE_IN_FRAMEWORK_HEADER = YES;
				CLANG_WARN_RANGE_LOOP_ANALYSIS = YES;
				CLANG_WARN_STRICT_PROTOTYPES = YES;
				CLANG_WARN_SUSPICIOUS_MOVE = YES;
				CLANG_WARN_UNGUARDED_AVAILABILITY = YES_AGGRESSIVE;
				CLANG_WARN_UNREACHABLE_CODE = YES;
				CLANG_WARN__DUPLICATE_METHOD_MATCH = YES;
				COPY_PHASE_STRIP = NO;
				DEBUG_INFORMATION_FORMAT = dwarf;
				ENABLE_STRICT_OBJC_MSGSEND = YES;
				ENABLE_TESTABILITY = YES;
				GCC_C_LANGUAGE_STANDARD = gnu11;
				GCC_DYNAMIC_NO_PIC = NO;
				GCC_NO_COMMON_BLOCKS = YES;
				GCC_OPTIMIZATION_LEVEL = 0;
				GCC_PREPROCESSOR_DEFINITIONS = (
					"DEBUG=1",
					"$(inherited)",
				);
				GCC_WARN_64_TO_32_BIT_CONVERSION = YES;
				GCC_WARN_ABOUT_RETURN_TYPE = YES_ERROR;
				GCC_WARN_UNDECLARED_SELECTOR = YES;
				GCC_WARN_UNINITIALIZED_AUTOS = YES_AGGRESSIVE;
				GCC_WARN_UNUSED_FUNCTION = YES;
				GCC_WARN_UNUSED_VARIABLE = YES;
				IPHONEOS_DEPLOYMENT_TARGET = 14.4;
				MTL_ENABLE_DEBUG_INFO = INCLUDE_SOURCE;
				MTL_FAST_MATH = YES;
				ONLY_ACTIVE_ARCH = YES;
				SDKROOT = iphoneos;
			};
			name = Debug;
		};
		D65BF74625F7B984003242F5 /* Release */ = {
			isa = XCBuildConfiguration;
			buildSettings = {
				ALWAYS_SEARCH_USER_PATHS = NO;
				CLANG_ANALYZER_NONNULL = YES;
				CLANG_ANALYZER_NUMBER_OBJECT_CONVERSION = YES_AGGRESSIVE;
				CLANG_CXX_LANGUAGE_STANDARD = "gnu++14";
				CLANG_CXX_LIBRARY = "libc++";
				CLANG_ENABLE_MODULES = YES;
				CLANG_ENABLE_OBJC_ARC = YES;
				CLANG_ENABLE_OBJC_WEAK = YES;
				CLANG_WARN_BLOCK_CAPTURE_AUTORELEASING = YES;
				CLANG_WARN_BOOL_CONVERSION = YES;
				CLANG_WARN_COMMA = YES;
				CLANG_WARN_CONSTANT_CONVERSION = YES;
				CLANG_WARN_DEPRECATED_OBJC_IMPLEMENTATIONS = YES;
				CLANG_WARN_DIRECT_OBJC_ISA_USAGE = YES_ERROR;
				CLANG_WARN_DOCUMENTATION_COMMENTS = YES;
				CLANG_WARN_EMPTY_BODY = YES;
				CLANG_WARN_ENUM_CONVERSION = YES;
				CLANG_WARN_INFINITE_RECURSION = YES;
				CLANG_WARN_INT_CONVERSION = YES;
				CLANG_WARN_NON_LITERAL_NULL_CONVERSION = YES;
				CLANG_WARN_OBJC_IMPLICIT_RETAIN_SELF = YES;
				CLANG_WARN_OBJC_LITERAL_CONVERSION = YES;
				CLANG_WARN_OBJC_ROOT_CLASS = YES_ERROR;
				CLANG_WARN_QUOTED_INCLUDE_IN_FRAMEWORK_HEADER = YES;
				CLANG_WARN_RANGE_LOOP_ANALYSIS = YES;
				CLANG_WARN_STRICT_PROTOTYPES = YES;
				CLANG_WARN_SUSPICIOUS_MOVE = YES;
				CLANG_WARN_UNGUARDED_AVAILABILITY = YES_AGGRESSIVE;
				CLANG_WARN_UNREACHABLE_CODE = YES;
				CLANG_WARN__DUPLICATE_METHOD_MATCH = YES;
				COPY_PHASE_STRIP = NO;
				DEBUG_INFORMATION_FORMAT = "dwarf-with-dsym";
				ENABLE_NS_ASSERTIONS = NO;
				ENABLE_STRICT_OBJC_MSGSEND = YES;
				GCC_C_LANGUAGE_STANDARD = gnu11;
				GCC_NO_COMMON_BLOCKS = YES;
				GCC_WARN_64_TO_32_BIT_CONVERSION = YES;
				GCC_WARN_ABOUT_RETURN_TYPE = YES_ERROR;
				GCC_WARN_UNDECLARED_SELECTOR = YES;
				GCC_WARN_UNINITIALIZED_AUTOS = YES_AGGRESSIVE;
				GCC_WARN_UNUSED_FUNCTION = YES;
				GCC_WARN_UNUSED_VARIABLE = YES;
				IPHONEOS_DEPLOYMENT_TARGET = 14.4;
				MTL_ENABLE_DEBUG_INFO = NO;
				MTL_FAST_MATH = YES;
				SDKROOT = iphoneos;
				VALIDATE_PRODUCT = YES;
			};
			name = Release;
		};
		D65BF74825F7B984003242F5 /* Debug */ = {
			isa = XCBuildConfiguration;
			buildSettings = {
				ASSETCATALOG_COMPILER_APPICON_NAME = AppIcon;
				ASSETCATALOG_COMPILER_GLOBAL_ACCENT_COLOR_NAME = AccentColor;
				CODE_SIGN_STYLE = Automatic;
				CURRENT_PROJECT_VERSION = 17;
				DEVELOPMENT_TEAM = 423J45LL22;
				INFOPLIST_FILE = securOS/Info.plist;
				IPHONEOS_DEPLOYMENT_TARGET = 11.0;
				LD_RUNPATH_SEARCH_PATHS = (
					"$(inherited)",
					"@executable_path/Frameworks",
				);
				MARKETING_VERSION = 1.17;
				PRODUCT_BUNDLE_IDENTIFIER = com.geosn0w.iSecureOS;
				PRODUCT_NAME = "$(TARGET_NAME)";
				TARGETED_DEVICE_FAMILY = "1,2";
			};
			name = Debug;
		};
		D65BF74925F7B984003242F5 /* Release */ = {
			isa = XCBuildConfiguration;
			buildSettings = {
				ASSETCATALOG_COMPILER_APPICON_NAME = AppIcon;
				ASSETCATALOG_COMPILER_GLOBAL_ACCENT_COLOR_NAME = AccentColor;
				CODE_SIGN_STYLE = Automatic;
				CURRENT_PROJECT_VERSION = 17;
				DEVELOPMENT_TEAM = 423J45LL22;
				INFOPLIST_FILE = securOS/Info.plist;
				IPHONEOS_DEPLOYMENT_TARGET = 11.0;
				LD_RUNPATH_SEARCH_PATHS = (
					"$(inherited)",
					"@executable_path/Frameworks",
				);
				MARKETING_VERSION = 1.17;
				PRODUCT_BUNDLE_IDENTIFIER = com.geosn0w.iSecureOS;
				PRODUCT_NAME = "$(TARGET_NAME)";
				TARGETED_DEVICE_FAMILY = "1,2";
			};
			name = Release;
		};
		D65BF74B25F7B984003242F5 /* Debug */ = {
			isa = XCBuildConfiguration;
			buildSettings = {
				BUNDLE_LOADER = "$(TEST_HOST)";
				CODE_SIGN_STYLE = Automatic;
				DEVELOPMENT_TEAM = J2H8LW73G9;
				INFOPLIST_FILE = securOSTests/Info.plist;
				IPHONEOS_DEPLOYMENT_TARGET = 14.4;
				LD_RUNPATH_SEARCH_PATHS = (
					"$(inherited)",
					"@executable_path/Frameworks",
					"@loader_path/Frameworks",
				);
				PRODUCT_BUNDLE_IDENTIFIER = com.geosn0w.securOS.securOSTests;
				PRODUCT_NAME = "$(TARGET_NAME)";
				TARGETED_DEVICE_FAMILY = "1,2";
				TEST_HOST = "$(BUILT_PRODUCTS_DIR)/iSecureOS.app/iSecureOS";
			};
			name = Debug;
		};
		D65BF74C25F7B984003242F5 /* Release */ = {
			isa = XCBuildConfiguration;
			buildSettings = {
				BUNDLE_LOADER = "$(TEST_HOST)";
				CODE_SIGN_STYLE = Automatic;
				DEVELOPMENT_TEAM = J2H8LW73G9;
				INFOPLIST_FILE = securOSTests/Info.plist;
				IPHONEOS_DEPLOYMENT_TARGET = 14.4;
				LD_RUNPATH_SEARCH_PATHS = (
					"$(inherited)",
					"@executable_path/Frameworks",
					"@loader_path/Frameworks",
				);
				PRODUCT_BUNDLE_IDENTIFIER = com.geosn0w.securOS.securOSTests;
				PRODUCT_NAME = "$(TARGET_NAME)";
				TARGETED_DEVICE_FAMILY = "1,2";
				TEST_HOST = "$(BUILT_PRODUCTS_DIR)/iSecureOS.app/iSecureOS";
			};
			name = Release;
		};
		D65BF74E25F7B984003242F5 /* Debug */ = {
			isa = XCBuildConfiguration;
			buildSettings = {
				CODE_SIGN_STYLE = Automatic;
				DEVELOPMENT_TEAM = J2H8LW73G9;
				INFOPLIST_FILE = securOSUITests/Info.plist;
				LD_RUNPATH_SEARCH_PATHS = (
					"$(inherited)",
					"@executable_path/Frameworks",
					"@loader_path/Frameworks",
				);
				PRODUCT_BUNDLE_IDENTIFIER = com.geosn0w.securOS.securOSUITests;
				PRODUCT_NAME = "$(TARGET_NAME)";
				TARGETED_DEVICE_FAMILY = "1,2";
				TEST_TARGET_NAME = securOS;
			};
			name = Debug;
		};
		D65BF74F25F7B984003242F5 /* Release */ = {
			isa = XCBuildConfiguration;
			buildSettings = {
				CODE_SIGN_STYLE = Automatic;
				DEVELOPMENT_TEAM = J2H8LW73G9;
				INFOPLIST_FILE = securOSUITests/Info.plist;
				LD_RUNPATH_SEARCH_PATHS = (
					"$(inherited)",
					"@executable_path/Frameworks",
					"@loader_path/Frameworks",
				);
				PRODUCT_BUNDLE_IDENTIFIER = com.geosn0w.securOS.securOSUITests;
				PRODUCT_NAME = "$(TARGET_NAME)";
				TARGETED_DEVICE_FAMILY = "1,2";
				TEST_TARGET_NAME = securOS;
			};
			name = Release;
		};
/* End XCBuildConfiguration section */

/* Begin XCConfigurationList section */
		D65BF71325F7B982003242F5 /* Build configuration list for PBXProject "iSecureOS" */ = {
			isa = XCConfigurationList;
			buildConfigurations = (
				D65BF74525F7B984003242F5 /* Debug */,
				D65BF74625F7B984003242F5 /* Release */,
			);
			defaultConfigurationIsVisible = 0;
			defaultConfigurationName = Release;
		};
		D65BF74725F7B984003242F5 /* Build configuration list for PBXNativeTarget "iSecureOS" */ = {
			isa = XCConfigurationList;
			buildConfigurations = (
				D65BF74825F7B984003242F5 /* Debug */,
				D65BF74925F7B984003242F5 /* Release */,
			);
			defaultConfigurationIsVisible = 0;
			defaultConfigurationName = Release;
		};
		D65BF74A25F7B984003242F5 /* Build configuration list for PBXNativeTarget "iSecureOSTests" */ = {
			isa = XCConfigurationList;
			buildConfigurations = (
				D65BF74B25F7B984003242F5 /* Debug */,
				D65BF74C25F7B984003242F5 /* Release */,
			);
			defaultConfigurationIsVisible = 0;
			defaultConfigurationName = Release;
		};
		D65BF74D25F7B984003242F5 /* Build configuration list for PBXNativeTarget "iSecureOSUITests" */ = {
			isa = XCConfigurationList;
			buildConfigurations = (
				D65BF74E25F7B984003242F5 /* Debug */,
				D65BF74F25F7B984003242F5 /* Release */,
			);
			defaultConfigurationIsVisible = 0;
			defaultConfigurationName = Release;
		};
/* End XCConfigurationList section */
	};
	rootObject = D65BF71025F7B982003242F5 /* Project object */;
}
